// !$*UTF8*$!
{
	archiveVersion = 1;
	classes = {
	};
	objectVersion = 46;
	objects = {

/* Begin PBXBuildFile section */
		04188B771971CC16A77558DA /* Pods_EasyLearn.framework in Frameworks */ = {isa = PBXBuildFile; fileRef = 976E28507EF0BE8A82DAFA65 /* Pods_EasyLearn.framework */; };
		CF0A82E11EAEFDC800D2BFB1 /* HomeControllerObserver.swift in Sources */ = {isa = PBXBuildFile; fileRef = CF0A82E01EAEFDC800D2BFB1 /* HomeControllerObserver.swift */; };
		CF0A82E41EB1031500D2BFB1 /* App.swift in Sources */ = {isa = PBXBuildFile; fileRef = CF0A82E31EB1031500D2BFB1 /* App.swift */; };
		CF3209FA1EB50C2E001BF89D /* Reachability.swift in Sources */ = {isa = PBXBuildFile; fileRef = CF3209F91EB50C2E001BF89D /* Reachability.swift */; };
		CF3209FC1EB5265E001BF89D /* Resource.swift in Sources */ = {isa = PBXBuildFile; fileRef = CF3209FB1EB5265E001BF89D /* Resource.swift */; };
		CF3209FE1EB526D8001BF89D /* DetailDeserializer.swift in Sources */ = {isa = PBXBuildFile; fileRef = CF3209FD1EB526D8001BF89D /* DetailDeserializer.swift */; };
		CF320A001EB5270D001BF89D /* WordDeserializer.swift in Sources */ = {isa = PBXBuildFile; fileRef = CF3209FF1EB5270D001BF89D /* WordDeserializer.swift */; };
		CF320A021EB527A5001BF89D /* WordCreator.swift in Sources */ = {isa = PBXBuildFile; fileRef = CF320A011EB527A5001BF89D /* WordCreator.swift */; };
		CF320A051EB527EB001BF89D /* Builder.swift in Sources */ = {isa = PBXBuildFile; fileRef = CF320A041EB527EB001BF89D /* Builder.swift */; };
		CF38712F1E89B0DE005AA866 /* CoreDataStack.swift in Sources */ = {isa = PBXBuildFile; fileRef = CF38712E1E89B0DE005AA866 /* CoreDataStack.swift */; };
		CF3871321E89B193005AA866 /* CDWord.xcdatamodeld in Sources */ = {isa = PBXBuildFile; fileRef = CF3871301E89B193005AA866 /* CDWord.xcdatamodeld */; };
		CF3871341E89BAEB005AA866 /* DataLayerSimple.swift in Sources */ = {isa = PBXBuildFile; fileRef = CF3871331E89BAEB005AA866 /* DataLayerSimple.swift */; };
		CF6BB1401EB19FF4003A8D54 /* CustomAttributtedString.swift in Sources */ = {isa = PBXBuildFile; fileRef = CF6BB13F1EB19FF4003A8D54 /* CustomAttributtedString.swift */; };
		CF6BB1421EB1A0A9003A8D54 /* HomeView.swift in Sources */ = {isa = PBXBuildFile; fileRef = CF6BB1411EB1A0A9003A8D54 /* HomeView.swift */; };
		CF6BB1441EB1A197003A8D54 /* BackgroundColorView.swift in Sources */ = {isa = PBXBuildFile; fileRef = CF6BB1431EB1A197003A8D54 /* BackgroundColorView.swift */; };
		CF6BB1461EB1A1A3003A8D54 /* CardView.swift in Sources */ = {isa = PBXBuildFile; fileRef = CF6BB1451EB1A1A3003A8D54 /* CardView.swift */; };
		CF6BB1481EB1A1AE003A8D54 /* ColorImageSelectorView.swift in Sources */ = {isa = PBXBuildFile; fileRef = CF6BB1471EB1A1AE003A8D54 /* ColorImageSelectorView.swift */; };
		CF6BB14A1EB1A1B8003A8D54 /* AlphaView.swift in Sources */ = {isa = PBXBuildFile; fileRef = CF6BB1491EB1A1B8003A8D54 /* AlphaView.swift */; };
		CF6BB14C1EB1A1C0003A8D54 /* FlashCardView.swift in Sources */ = {isa = PBXBuildFile; fileRef = CF6BB14B1EB1A1C0003A8D54 /* FlashCardView.swift */; };
		CF6BB14E1EB1A260003A8D54 /* BaseCell.swift in Sources */ = {isa = PBXBuildFile; fileRef = CF6BB14D1EB1A260003A8D54 /* BaseCell.swift */; };
		CF6BB1501EB1A26A003A8D54 /* DetailsCell.swift in Sources */ = {isa = PBXBuildFile; fileRef = CF6BB14F1EB1A26A003A8D54 /* DetailsCell.swift */; };
		CF6BB1521EB1A275003A8D54 /* DashboardCell.swift in Sources */ = {isa = PBXBuildFile; fileRef = CF6BB1511EB1A275003A8D54 /* DashboardCell.swift */; };
		CF6BB1541EB1A286003A8D54 /* FlashCardCell.swift in Sources */ = {isa = PBXBuildFile; fileRef = CF6BB1531EB1A286003A8D54 /* FlashCardCell.swift */; };
		CF6BB1561EB1A2AB003A8D54 /* ColorImageCell.swift in Sources */ = {isa = PBXBuildFile; fileRef = CF6BB1551EB1A2AB003A8D54 /* ColorImageCell.swift */; };
		CF6BB15C1EB1A34E003A8D54 /* CardViewModel.swift in Sources */ = {isa = PBXBuildFile; fileRef = CF6BB1571EB1A34E003A8D54 /* CardViewModel.swift */; };
		CF6BB15D1EB1A34E003A8D54 /* ColorCellsViewModel.swift in Sources */ = {isa = PBXBuildFile; fileRef = CF6BB1581EB1A34E003A8D54 /* ColorCellsViewModel.swift */; };
		CF6BB15E1EB1A34E003A8D54 /* ColorViewModel.swift in Sources */ = {isa = PBXBuildFile; fileRef = CF6BB1591EB1A34E003A8D54 /* ColorViewModel.swift */; };
		CF6BB1601EB1A34E003A8D54 /* SelectorViewModel.swift in Sources */ = {isa = PBXBuildFile; fileRef = CF6BB15B1EB1A34E003A8D54 /* SelectorViewModel.swift */; };
		CF6BB1621EB1A37B003A8D54 /* Helper.swift in Sources */ = {isa = PBXBuildFile; fileRef = CF6BB1611EB1A37B003A8D54 /* Helper.swift */; };
		CF6BB1671EB1A3DA003A8D54 /* CircleButton.swift in Sources */ = {isa = PBXBuildFile; fileRef = CF6BB1631EB1A3DA003A8D54 /* CircleButton.swift */; };
		CF6BB1681EB1A3DA003A8D54 /* LeftPaddedTextField.swift in Sources */ = {isa = PBXBuildFile; fileRef = CF6BB1641EB1A3DA003A8D54 /* LeftPaddedTextField.swift */; };
		CF6BB1691EB1A3DA003A8D54 /* LeftPaddedUILabel.swift in Sources */ = {isa = PBXBuildFile; fileRef = CF6BB1651EB1A3DA003A8D54 /* LeftPaddedUILabel.swift */; };
		CF6BB16A1EB1A3DA003A8D54 /* VerticallyCenteredTextView.swift in Sources */ = {isa = PBXBuildFile; fileRef = CF6BB1661EB1A3DA003A8D54 /* VerticallyCenteredTextView.swift */; };
		CF6BB16E1EB1A455003A8D54 /* hvCollectionViewExtension.swift in Sources */ = {isa = PBXBuildFile; fileRef = CF6BB16B1EB1A455003A8D54 /* hvCollectionViewExtension.swift */; };
		CF6BB16F1EB1A455003A8D54 /* hvDelegateExtension.swift in Sources */ = {isa = PBXBuildFile; fileRef = CF6BB16C1EB1A455003A8D54 /* hvDelegateExtension.swift */; };
		CF6BB1701EB1A455003A8D54 /* hvSetupViewExtension.swift in Sources */ = {isa = PBXBuildFile; fileRef = CF6BB16D1EB1A455003A8D54 /* hvSetupViewExtension.swift */; };
		CF6BB1731EB1A461003A8D54 /* HomeVCAction.swift in Sources */ = {isa = PBXBuildFile; fileRef = CF6BB1711EB1A461003A8D54 /* HomeVCAction.swift */; };
		CF6BB1741EB1A461003A8D54 /* HomeViewController.swift in Sources */ = {isa = PBXBuildFile; fileRef = CF6BB1721EB1A461003A8D54 /* HomeViewController.swift */; };
		CF6BB1761EB1A48D003A8D54 /* LexicalEntryViewController.swift in Sources */ = {isa = PBXBuildFile; fileRef = CF6BB1751EB1A48D003A8D54 /* LexicalEntryViewController.swift */; };
		CF6BB17A1EB1A4C9003A8D54 /* wdCollectionViewExtension.swift in Sources */ = {isa = PBXBuildFile; fileRef = CF6BB1771EB1A4C9003A8D54 /* wdCollectionViewExtension.swift */; };
		CF6BB17F1EB1A4D5003A8D54 /* WordDetailsVC.swift in Sources */ = {isa = PBXBuildFile; fileRef = CF6BB17D1EB1A4D5003A8D54 /* WordDetailsVC.swift */; };
		CF6BB1801EB1A4D5003A8D54 /* WordSubDetailsVC.swift in Sources */ = {isa = PBXBuildFile; fileRef = CF6BB17E1EB1A4D5003A8D54 /* WordSubDetailsVC.swift */; };
		CF6BB1821EB1A503003A8D54 /* ErrorViewController.swift in Sources */ = {isa = PBXBuildFile; fileRef = CF6BB1811EB1A503003A8D54 /* ErrorViewController.swift */; };
		CF6BB1871EB1A54F003A8D54 /* cvCollectionViewExtension.swift in Sources */ = {isa = PBXBuildFile; fileRef = CF6BB1831EB1A54F003A8D54 /* cvCollectionViewExtension.swift */; };
		CF6BB1881EB1A54F003A8D54 /* cvCustomFuncs.swift in Sources */ = {isa = PBXBuildFile; fileRef = CF6BB1841EB1A54F003A8D54 /* cvCustomFuncs.swift */; };
		CF6BB1891EB1A54F003A8D54 /* cvGestureExtension.swift in Sources */ = {isa = PBXBuildFile; fileRef = CF6BB1851EB1A54F003A8D54 /* cvGestureExtension.swift */; };
		CF6BB18A1EB1A54F003A8D54 /* cvSetupViewExtension.swift in Sources */ = {isa = PBXBuildFile; fileRef = CF6BB1861EB1A54F003A8D54 /* cvSetupViewExtension.swift */; };
		CF6BB18C1EB1A558003A8D54 /* CardsViewController.swift in Sources */ = {isa = PBXBuildFile; fileRef = CF6BB18B1EB1A558003A8D54 /* CardsViewController.swift */; };
		CF6BB18E1EB1A593003A8D54 /* CustomCardsViewController.swift in Sources */ = {isa = PBXBuildFile; fileRef = CF6BB18D1EB1A593003A8D54 /* CustomCardsViewController.swift */; };
		CF6BB1901EB1A5B2003A8D54 /* PlayViewController.swift in Sources */ = {isa = PBXBuildFile; fileRef = CF6BB18F1EB1A5B2003A8D54 /* PlayViewController.swift */; };
		CF6BB1921EB1A610003A8D54 /* SettingsViewController.swift in Sources */ = {isa = PBXBuildFile; fileRef = CF6BB1911EB1A610003A8D54 /* SettingsViewController.swift */; };
		CF6BB1941EB1A654003A8D54 /* Service.swift in Sources */ = {isa = PBXBuildFile; fileRef = CF6BB1931EB1A654003A8D54 /* Service.swift */; };
		CF6BB1961EB1A6DF003A8D54 /* CardSettingsController.swift in Sources */ = {isa = PBXBuildFile; fileRef = CF6BB1951EB1A6DF003A8D54 /* CardSettingsController.swift */; };
		CF6BB1991EB1A73C003A8D54 /* cisCollectionViewExtension.swift in Sources */ = {isa = PBXBuildFile; fileRef = CF6BB1971EB1A73C003A8D54 /* cisCollectionViewExtension.swift */; };
		CF6BB19A1EB1A73C003A8D54 /* cisSetupViewsExtension.swift in Sources */ = {isa = PBXBuildFile; fileRef = CF6BB1981EB1A73C003A8D54 /* cisSetupViewsExtension.swift */; };
		CF6BB19C1EB1A743003A8D54 /* ColorImageSelector.swift in Sources */ = {isa = PBXBuildFile; fileRef = CF6BB19B1EB1A743003A8D54 /* ColorImageSelector.swift */; };
		CF6BB1A01EB1A782003A8D54 /* csCustomFuctionsExtension.swift in Sources */ = {isa = PBXBuildFile; fileRef = CF6BB19D1EB1A782003A8D54 /* csCustomFuctionsExtension.swift */; };
		CF6BB1A11EB1A782003A8D54 /* csSetupViewExtension.swift in Sources */ = {isa = PBXBuildFile; fileRef = CF6BB19E1EB1A782003A8D54 /* csSetupViewExtension.swift */; };
		CF6BB1A21EB1A782003A8D54 /* csTableViewExtension.swift in Sources */ = {isa = PBXBuildFile; fileRef = CF6BB19F1EB1A782003A8D54 /* csTableViewExtension.swift */; };
		CF6BB1A61EB1A7D2003A8D54 /* cbgcCustomFunctions.swift in Sources */ = {isa = PBXBuildFile; fileRef = CF6BB1A31EB1A7D2003A8D54 /* cbgcCustomFunctions.swift */; };
		CF6BB1A71EB1A7D2003A8D54 /* cbgcDelegateExtension.swift in Sources */ = {isa = PBXBuildFile; fileRef = CF6BB1A41EB1A7D2003A8D54 /* cbgcDelegateExtension.swift */; };
		CF6BB1A81EB1A7D2003A8D54 /* cbgcSetupViewExtension.swift in Sources */ = {isa = PBXBuildFile; fileRef = CF6BB1A51EB1A7D2003A8D54 /* cbgcSetupViewExtension.swift */; };
		CF6BB1AA1EB1A7E1003A8D54 /* CardBgColorController.swift in Sources */ = {isa = PBXBuildFile; fileRef = CF6BB1A91EB1A7E1003A8D54 /* CardBgColorController.swift */; };
		CF6BB1AC1EB1A873003A8D54 /* biCollectionViewExtension.swift in Sources */ = {isa = PBXBuildFile; fileRef = CF6BB1AB1EB1A873003A8D54 /* biCollectionViewExtension.swift */; };
		CF6BB1AE1EB1A87C003A8D54 /* BackgroundImageController.swift in Sources */ = {isa = PBXBuildFile; fileRef = CF6BB1AD1EB1A87C003A8D54 /* BackgroundImageController.swift */; };
		CF6BB1B01EB1A924003A8D54 /* Models.swift in Sources */ = {isa = PBXBuildFile; fileRef = CF6BB1AF1EB1A924003A8D54 /* Models.swift */; };
		CF6BB1B21EB1A952003A8D54 /* Extensions.swift in Sources */ = {isa = PBXBuildFile; fileRef = CF6BB1B11EB1A952003A8D54 /* Extensions.swift */; };
		CF6BB1B41EB1AA81003A8D54 /* CellData.swift in Sources */ = {isa = PBXBuildFile; fileRef = CF6BB1B31EB1AA81003A8D54 /* CellData.swift */; };
		CF6BB1B61EB24131003A8D54 /* ShowDetails.swift in Sources */ = {isa = PBXBuildFile; fileRef = CF6BB1B51EB24131003A8D54 /* ShowDetails.swift */; };
		CFAFE6681E68F9CA0062235E /* AppDelegate.swift in Sources */ = {isa = PBXBuildFile; fileRef = CFAFE6671E68F9CA0062235E /* AppDelegate.swift */; };
		CFAFE66D1E68F9CA0062235E /* Main.storyboard in Resources */ = {isa = PBXBuildFile; fileRef = CFAFE66B1E68F9CA0062235E /* Main.storyboard */; };
		CFAFE66F1E68F9CA0062235E /* Assets.xcassets in Resources */ = {isa = PBXBuildFile; fileRef = CFAFE66E1E68F9CA0062235E /* Assets.xcassets */; };
		CFAFE6721E68F9CA0062235E /* LaunchScreen.storyboard in Resources */ = {isa = PBXBuildFile; fileRef = CFAFE6701E68F9CA0062235E /* LaunchScreen.storyboard */; };
		CFFCA31D1EB8E1990055D54B /* UserInteraction.swift in Sources */ = {isa = PBXBuildFile; fileRef = CFFCA31C1EB8E1990055D54B /* UserInteraction.swift */; };
		CFFCA31F1EB8E1EE0055D54B /* DetailCellData.swift in Sources */ = {isa = PBXBuildFile; fileRef = CFFCA31E1EB8E1EE0055D54B /* DetailCellData.swift */; };
		CFFCA3211EB8E2750055D54B /* DataGenerator.swift in Sources */ = {isa = PBXBuildFile; fileRef = CFFCA3201EB8E2750055D54B /* DataGenerator.swift */; };
		CFFCA3231EB8E39B0055D54B /* TextFormatter.swift in Sources */ = {isa = PBXBuildFile; fileRef = CFFCA3221EB8E39B0055D54B /* TextFormatter.swift */; };
/* End PBXBuildFile section */

/* Begin PBXFileReference section */
		6EF7DBD2DA942ED54ADD413D /* Pods-EasyLearn.release.xcconfig */ = {isa = PBXFileReference; includeInIndex = 1; lastKnownFileType = text.xcconfig; name = "Pods-EasyLearn.release.xcconfig"; path = "Pods/Target Support Files/Pods-EasyLearn/Pods-EasyLearn.release.xcconfig"; sourceTree = "<group>"; };
		976E28507EF0BE8A82DAFA65 /* Pods_EasyLearn.framework */ = {isa = PBXFileReference; explicitFileType = wrapper.framework; includeInIndex = 0; path = Pods_EasyLearn.framework; sourceTree = BUILT_PRODUCTS_DIR; };
		B8B2FD38BDFDC2C50038BE00 /* Pods-EasyLearn.debug.xcconfig */ = {isa = PBXFileReference; includeInIndex = 1; lastKnownFileType = text.xcconfig; name = "Pods-EasyLearn.debug.xcconfig"; path = "Pods/Target Support Files/Pods-EasyLearn/Pods-EasyLearn.debug.xcconfig"; sourceTree = "<group>"; };
		CF0A82E01EAEFDC800D2BFB1 /* HomeControllerObserver.swift */ = {isa = PBXFileReference; fileEncoding = 4; lastKnownFileType = sourcecode.swift; path = HomeControllerObserver.swift; sourceTree = "<group>"; };
		CF0A82E31EB1031500D2BFB1 /* App.swift */ = {isa = PBXFileReference; fileEncoding = 4; lastKnownFileType = sourcecode.swift; path = App.swift; sourceTree = "<group>"; };
		CF3209F91EB50C2E001BF89D /* Reachability.swift */ = {isa = PBXFileReference; fileEncoding = 4; lastKnownFileType = sourcecode.swift; name = Reachability.swift; path = Networking/Reachability.swift; sourceTree = "<group>"; };
		CF3209FB1EB5265E001BF89D /* Resource.swift */ = {isa = PBXFileReference; fileEncoding = 4; lastKnownFileType = sourcecode.swift; name = Resource.swift; path = Networking/Resource.swift; sourceTree = "<group>"; };
		CF3209FD1EB526D8001BF89D /* DetailDeserializer.swift */ = {isa = PBXFileReference; fileEncoding = 4; lastKnownFileType = sourcecode.swift; name = DetailDeserializer.swift; path = Models/DetailDeserializer.swift; sourceTree = "<group>"; };
		CF3209FF1EB5270D001BF89D /* WordDeserializer.swift */ = {isa = PBXFileReference; fileEncoding = 4; lastKnownFileType = sourcecode.swift; name = WordDeserializer.swift; path = Models/WordDeserializer.swift; sourceTree = "<group>"; };
		CF320A011EB527A5001BF89D /* WordCreator.swift */ = {isa = PBXFileReference; fileEncoding = 4; lastKnownFileType = sourcecode.swift; path = WordCreator.swift; sourceTree = "<group>"; };
		CF320A041EB527EB001BF89D /* Builder.swift */ = {isa = PBXFileReference; fileEncoding = 4; lastKnownFileType = sourcecode.swift; name = Builder.swift; path = Networking/Builder.swift; sourceTree = "<group>"; };
		CF38712E1E89B0DE005AA866 /* CoreDataStack.swift */ = {isa = PBXFileReference; fileEncoding = 4; lastKnownFileType = sourcecode.swift; path = CoreDataStack.swift; sourceTree = "<group>"; };
		CF3871311E89B193005AA866 /* CDWord.xcdatamodel */ = {isa = PBXFileReference; lastKnownFileType = wrapper.xcdatamodel; path = CDWord.xcdatamodel; sourceTree = "<group>"; };
		CF3871331E89BAEB005AA866 /* DataLayerSimple.swift */ = {isa = PBXFileReference; fileEncoding = 4; lastKnownFileType = sourcecode.swift; path = DataLayerSimple.swift; sourceTree = "<group>"; };
		CF6BB13F1EB19FF4003A8D54 /* CustomAttributtedString.swift */ = {isa = PBXFileReference; fileEncoding = 4; lastKnownFileType = sourcecode.swift; name = CustomAttributtedString.swift; path = ReusableClass/CustomAttributtedString.swift; sourceTree = "<group>"; };
		CF6BB1411EB1A0A9003A8D54 /* HomeView.swift */ = {isa = PBXFileReference; fileEncoding = 4; lastKnownFileType = sourcecode.swift; name = HomeView.swift; path = Views/HomeView.swift; sourceTree = "<group>"; };
		CF6BB1431EB1A197003A8D54 /* BackgroundColorView.swift */ = {isa = PBXFileReference; fileEncoding = 4; lastKnownFileType = sourcecode.swift; name = BackgroundColorView.swift; path = Views/BackgroundColorView.swift; sourceTree = "<group>"; };
		CF6BB1451EB1A1A3003A8D54 /* CardView.swift */ = {isa = PBXFileReference; fileEncoding = 4; lastKnownFileType = sourcecode.swift; name = CardView.swift; path = Views/CardView.swift; sourceTree = "<group>"; };
		CF6BB1471EB1A1AE003A8D54 /* ColorImageSelectorView.swift */ = {isa = PBXFileReference; fileEncoding = 4; lastKnownFileType = sourcecode.swift; name = ColorImageSelectorView.swift; path = Views/ColorImageSelectorView.swift; sourceTree = "<group>"; };
		CF6BB1491EB1A1B8003A8D54 /* AlphaView.swift */ = {isa = PBXFileReference; fileEncoding = 4; lastKnownFileType = sourcecode.swift; name = AlphaView.swift; path = Views/AlphaView.swift; sourceTree = "<group>"; };
		CF6BB14B1EB1A1C0003A8D54 /* FlashCardView.swift */ = {isa = PBXFileReference; fileEncoding = 4; lastKnownFileType = sourcecode.swift; name = FlashCardView.swift; path = Views/FlashCardView.swift; sourceTree = "<group>"; };
		CF6BB14D1EB1A260003A8D54 /* BaseCell.swift */ = {isa = PBXFileReference; fileEncoding = 4; lastKnownFileType = sourcecode.swift; name = BaseCell.swift; path = Views/Cell/BaseCell.swift; sourceTree = "<group>"; };
		CF6BB14F1EB1A26A003A8D54 /* DetailsCell.swift */ = {isa = PBXFileReference; fileEncoding = 4; lastKnownFileType = sourcecode.swift; name = DetailsCell.swift; path = Views/Cell/DetailsCell.swift; sourceTree = "<group>"; };
		CF6BB1511EB1A275003A8D54 /* DashboardCell.swift */ = {isa = PBXFileReference; fileEncoding = 4; lastKnownFileType = sourcecode.swift; name = DashboardCell.swift; path = Views/Cell/DashboardCell.swift; sourceTree = "<group>"; };
		CF6BB1531EB1A286003A8D54 /* FlashCardCell.swift */ = {isa = PBXFileReference; fileEncoding = 4; lastKnownFileType = sourcecode.swift; name = FlashCardCell.swift; path = Views/Cell/FlashCardCell.swift; sourceTree = "<group>"; };
		CF6BB1551EB1A2AB003A8D54 /* ColorImageCell.swift */ = {isa = PBXFileReference; fileEncoding = 4; lastKnownFileType = sourcecode.swift; name = ColorImageCell.swift; path = Views/Cell/ColorImageCell.swift; sourceTree = "<group>"; };
		CF6BB1571EB1A34E003A8D54 /* CardViewModel.swift */ = {isa = PBXFileReference; fileEncoding = 4; lastKnownFileType = sourcecode.swift; name = CardViewModel.swift; path = ViewModels/CardViewModel.swift; sourceTree = "<group>"; };
		CF6BB1581EB1A34E003A8D54 /* ColorCellsViewModel.swift */ = {isa = PBXFileReference; fileEncoding = 4; lastKnownFileType = sourcecode.swift; name = ColorCellsViewModel.swift; path = ViewModels/ColorCellsViewModel.swift; sourceTree = "<group>"; };
		CF6BB1591EB1A34E003A8D54 /* ColorViewModel.swift */ = {isa = PBXFileReference; fileEncoding = 4; lastKnownFileType = sourcecode.swift; name = ColorViewModel.swift; path = ViewModels/ColorViewModel.swift; sourceTree = "<group>"; };
		CF6BB15B1EB1A34E003A8D54 /* SelectorViewModel.swift */ = {isa = PBXFileReference; fileEncoding = 4; lastKnownFileType = sourcecode.swift; name = SelectorViewModel.swift; path = ViewModels/SelectorViewModel.swift; sourceTree = "<group>"; };
		CF6BB1611EB1A37B003A8D54 /* Helper.swift */ = {isa = PBXFileReference; fileEncoding = 4; lastKnownFileType = sourcecode.swift; name = Helper.swift; path = Helper/Helper.swift; sourceTree = "<group>"; };
		CF6BB1631EB1A3DA003A8D54 /* CircleButton.swift */ = {isa = PBXFileReference; fileEncoding = 4; lastKnownFileType = sourcecode.swift; name = CircleButton.swift; path = SubClasses/CircleButton.swift; sourceTree = "<group>"; };
		CF6BB1641EB1A3DA003A8D54 /* LeftPaddedTextField.swift */ = {isa = PBXFileReference; fileEncoding = 4; lastKnownFileType = sourcecode.swift; name = LeftPaddedTextField.swift; path = SubClasses/LeftPaddedTextField.swift; sourceTree = "<group>"; };
		CF6BB1651EB1A3DA003A8D54 /* LeftPaddedUILabel.swift */ = {isa = PBXFileReference; fileEncoding = 4; lastKnownFileType = sourcecode.swift; name = LeftPaddedUILabel.swift; path = SubClasses/LeftPaddedUILabel.swift; sourceTree = "<group>"; };
		CF6BB1661EB1A3DA003A8D54 /* VerticallyCenteredTextView.swift */ = {isa = PBXFileReference; fileEncoding = 4; lastKnownFileType = sourcecode.swift; name = VerticallyCenteredTextView.swift; path = SubClasses/VerticallyCenteredTextView.swift; sourceTree = "<group>"; };
		CF6BB16B1EB1A455003A8D54 /* hvCollectionViewExtension.swift */ = {isa = PBXFileReference; fileEncoding = 4; lastKnownFileType = sourcecode.swift; name = hvCollectionViewExtension.swift; path = Controllers/HomeController/Extensions/hvCollectionViewExtension.swift; sourceTree = "<group>"; };
		CF6BB16C1EB1A455003A8D54 /* hvDelegateExtension.swift */ = {isa = PBXFileReference; fileEncoding = 4; lastKnownFileType = sourcecode.swift; name = hvDelegateExtension.swift; path = Controllers/HomeController/Extensions/hvDelegateExtension.swift; sourceTree = "<group>"; };
		CF6BB16D1EB1A455003A8D54 /* hvSetupViewExtension.swift */ = {isa = PBXFileReference; fileEncoding = 4; lastKnownFileType = sourcecode.swift; name = hvSetupViewExtension.swift; path = Controllers/HomeController/Extensions/hvSetupViewExtension.swift; sourceTree = "<group>"; };
		CF6BB1711EB1A461003A8D54 /* HomeVCAction.swift */ = {isa = PBXFileReference; fileEncoding = 4; lastKnownFileType = sourcecode.swift; name = HomeVCAction.swift; path = Controllers/HomeController/HomeVCAction.swift; sourceTree = "<group>"; };
		CF6BB1721EB1A461003A8D54 /* HomeViewController.swift */ = {isa = PBXFileReference; fileEncoding = 4; lastKnownFileType = sourcecode.swift; name = HomeViewController.swift; path = Controllers/HomeController/HomeViewController.swift; sourceTree = "<group>"; };
		CF6BB1751EB1A48D003A8D54 /* LexicalEntryViewController.swift */ = {isa = PBXFileReference; fileEncoding = 4; lastKnownFileType = sourcecode.swift; name = LexicalEntryViewController.swift; path = Controllers/LexicalController/LexicalEntryViewController.swift; sourceTree = "<group>"; };
		CF6BB1771EB1A4C9003A8D54 /* wdCollectionViewExtension.swift */ = {isa = PBXFileReference; fileEncoding = 4; lastKnownFileType = sourcecode.swift; name = wdCollectionViewExtension.swift; path = Controllers/DetailsController/Extensions/wdCollectionViewExtension.swift; sourceTree = "<group>"; };
		CF6BB17D1EB1A4D5003A8D54 /* WordDetailsVC.swift */ = {isa = PBXFileReference; fileEncoding = 4; lastKnownFileType = sourcecode.swift; name = WordDetailsVC.swift; path = Controllers/DetailsController/WordDetailsVC.swift; sourceTree = "<group>"; };
		CF6BB17E1EB1A4D5003A8D54 /* WordSubDetailsVC.swift */ = {isa = PBXFileReference; fileEncoding = 4; lastKnownFileType = sourcecode.swift; name = WordSubDetailsVC.swift; path = Controllers/DetailsController/WordSubDetailsVC.swift; sourceTree = "<group>"; };
		CF6BB1811EB1A503003A8D54 /* ErrorViewController.swift */ = {isa = PBXFileReference; fileEncoding = 4; lastKnownFileType = sourcecode.swift; name = ErrorViewController.swift; path = Controllers/ErrorController/ErrorViewController.swift; sourceTree = "<group>"; };
		CF6BB1831EB1A54F003A8D54 /* cvCollectionViewExtension.swift */ = {isa = PBXFileReference; fileEncoding = 4; lastKnownFileType = sourcecode.swift; name = cvCollectionViewExtension.swift; path = Controllers/CardController/Extensions/cvCollectionViewExtension.swift; sourceTree = "<group>"; };
		CF6BB1841EB1A54F003A8D54 /* cvCustomFuncs.swift */ = {isa = PBXFileReference; fileEncoding = 4; lastKnownFileType = sourcecode.swift; name = cvCustomFuncs.swift; path = Controllers/CardController/Extensions/cvCustomFuncs.swift; sourceTree = "<group>"; };
		CF6BB1851EB1A54F003A8D54 /* cvGestureExtension.swift */ = {isa = PBXFileReference; fileEncoding = 4; lastKnownFileType = sourcecode.swift; name = cvGestureExtension.swift; path = Controllers/CardController/Extensions/cvGestureExtension.swift; sourceTree = "<group>"; };
		CF6BB1861EB1A54F003A8D54 /* cvSetupViewExtension.swift */ = {isa = PBXFileReference; fileEncoding = 4; lastKnownFileType = sourcecode.swift; name = cvSetupViewExtension.swift; path = Controllers/CardController/Extensions/cvSetupViewExtension.swift; sourceTree = "<group>"; };
		CF6BB18B1EB1A558003A8D54 /* CardsViewController.swift */ = {isa = PBXFileReference; fileEncoding = 4; lastKnownFileType = sourcecode.swift; name = CardsViewController.swift; path = Controllers/CardController/CardsViewController.swift; sourceTree = "<group>"; };
		CF6BB18D1EB1A593003A8D54 /* CustomCardsViewController.swift */ = {isa = PBXFileReference; fileEncoding = 4; lastKnownFileType = sourcecode.swift; name = CustomCardsViewController.swift; path = Controllers/CustomCardController/CustomCardsViewController.swift; sourceTree = "<group>"; };
		CF6BB18F1EB1A5B2003A8D54 /* PlayViewController.swift */ = {isa = PBXFileReference; fileEncoding = 4; lastKnownFileType = sourcecode.swift; name = PlayViewController.swift; path = Controllers/PlayController/PlayViewController.swift; sourceTree = "<group>"; };
		CF6BB1911EB1A610003A8D54 /* SettingsViewController.swift */ = {isa = PBXFileReference; fileEncoding = 4; lastKnownFileType = sourcecode.swift; name = SettingsViewController.swift; path = Controllers/SettingController/SettingsViewController.swift; sourceTree = "<group>"; };
		CF6BB1931EB1A654003A8D54 /* Service.swift */ = {isa = PBXFileReference; fileEncoding = 4; lastKnownFileType = sourcecode.swift; name = Service.swift; path = Networking/Service.swift; sourceTree = "<group>"; };
		CF6BB1951EB1A6DF003A8D54 /* CardSettingsController.swift */ = {isa = PBXFileReference; fileEncoding = 4; lastKnownFileType = sourcecode.swift; name = CardSettingsController.swift; path = Controllers/CardSettingController/CardSettingsController.swift; sourceTree = "<group>"; };
		CF6BB1971EB1A73C003A8D54 /* cisCollectionViewExtension.swift */ = {isa = PBXFileReference; fileEncoding = 4; lastKnownFileType = sourcecode.swift; name = cisCollectionViewExtension.swift; path = Controllers/ColorImageSelectorController/Extensions/cisCollectionViewExtension.swift; sourceTree = "<group>"; };
		CF6BB1981EB1A73C003A8D54 /* cisSetupViewsExtension.swift */ = {isa = PBXFileReference; fileEncoding = 4; lastKnownFileType = sourcecode.swift; name = cisSetupViewsExtension.swift; path = Controllers/ColorImageSelectorController/Extensions/cisSetupViewsExtension.swift; sourceTree = "<group>"; };
		CF6BB19B1EB1A743003A8D54 /* ColorImageSelector.swift */ = {isa = PBXFileReference; fileEncoding = 4; lastKnownFileType = sourcecode.swift; name = ColorImageSelector.swift; path = Controllers/ColorImageSelectorController/ColorImageSelector.swift; sourceTree = "<group>"; };
		CF6BB19D1EB1A782003A8D54 /* csCustomFuctionsExtension.swift */ = {isa = PBXFileReference; fileEncoding = 4; lastKnownFileType = sourcecode.swift; name = csCustomFuctionsExtension.swift; path = Controllers/CardSettingController/Extensions/csCustomFuctionsExtension.swift; sourceTree = "<group>"; };
		CF6BB19E1EB1A782003A8D54 /* csSetupViewExtension.swift */ = {isa = PBXFileReference; fileEncoding = 4; lastKnownFileType = sourcecode.swift; name = csSetupViewExtension.swift; path = Controllers/CardSettingController/Extensions/csSetupViewExtension.swift; sourceTree = "<group>"; };
		CF6BB19F1EB1A782003A8D54 /* csTableViewExtension.swift */ = {isa = PBXFileReference; fileEncoding = 4; lastKnownFileType = sourcecode.swift; name = csTableViewExtension.swift; path = Controllers/CardSettingController/Extensions/csTableViewExtension.swift; sourceTree = "<group>"; };
		CF6BB1A31EB1A7D2003A8D54 /* cbgcCustomFunctions.swift */ = {isa = PBXFileReference; fileEncoding = 4; lastKnownFileType = sourcecode.swift; name = cbgcCustomFunctions.swift; path = Controllers/ColorController/Extensions/cbgcCustomFunctions.swift; sourceTree = "<group>"; };
		CF6BB1A41EB1A7D2003A8D54 /* cbgcDelegateExtension.swift */ = {isa = PBXFileReference; fileEncoding = 4; lastKnownFileType = sourcecode.swift; name = cbgcDelegateExtension.swift; path = Controllers/ColorController/Extensions/cbgcDelegateExtension.swift; sourceTree = "<group>"; };
		CF6BB1A51EB1A7D2003A8D54 /* cbgcSetupViewExtension.swift */ = {isa = PBXFileReference; fileEncoding = 4; lastKnownFileType = sourcecode.swift; name = cbgcSetupViewExtension.swift; path = Controllers/ColorController/Extensions/cbgcSetupViewExtension.swift; sourceTree = "<group>"; };
		CF6BB1A91EB1A7E1003A8D54 /* CardBgColorController.swift */ = {isa = PBXFileReference; fileEncoding = 4; lastKnownFileType = sourcecode.swift; name = CardBgColorController.swift; path = Controllers/ColorController/CardBgColorController.swift; sourceTree = "<group>"; };
		CF6BB1AB1EB1A873003A8D54 /* biCollectionViewExtension.swift */ = {isa = PBXFileReference; fileEncoding = 4; lastKnownFileType = sourcecode.swift; name = biCollectionViewExtension.swift; path = Controllers/BackgroundImage/Extensions/biCollectionViewExtension.swift; sourceTree = "<group>"; };
		CF6BB1AD1EB1A87C003A8D54 /* BackgroundImageController.swift */ = {isa = PBXFileReference; fileEncoding = 4; lastKnownFileType = sourcecode.swift; name = BackgroundImageController.swift; path = Controllers/BackgroundImage/BackgroundImageController.swift; sourceTree = "<group>"; };
		CF6BB1AF1EB1A924003A8D54 /* Models.swift */ = {isa = PBXFileReference; fileEncoding = 4; lastKnownFileType = sourcecode.swift; name = Models.swift; path = Models/Models.swift; sourceTree = "<group>"; };
		CF6BB1B11EB1A952003A8D54 /* Extensions.swift */ = {isa = PBXFileReference; fileEncoding = 4; lastKnownFileType = sourcecode.swift; name = Extensions.swift; path = Extensions/Extensions.swift; sourceTree = "<group>"; };
		CF6BB1B31EB1AA81003A8D54 /* CellData.swift */ = {isa = PBXFileReference; fileEncoding = 4; lastKnownFileType = sourcecode.swift; name = CellData.swift; path = Controllers/LexicalController/CellData.swift; sourceTree = "<group>"; };
		CF6BB1B51EB24131003A8D54 /* ShowDetails.swift */ = {isa = PBXFileReference; fileEncoding = 4; lastKnownFileType = sourcecode.swift; name = ShowDetails.swift; path = Controllers/LexicalController/ShowDetails.swift; sourceTree = "<group>"; };
		CFAFE6641E68F9CA0062235E /* EasyLearn.app */ = {isa = PBXFileReference; explicitFileType = wrapper.application; includeInIndex = 0; path = EasyLearn.app; sourceTree = BUILT_PRODUCTS_DIR; };
		CFAFE6671E68F9CA0062235E /* AppDelegate.swift */ = {isa = PBXFileReference; lastKnownFileType = sourcecode.swift; path = AppDelegate.swift; sourceTree = "<group>"; };
		CFAFE66C1E68F9CA0062235E /* Base */ = {isa = PBXFileReference; lastKnownFileType = file.storyboard; name = Base; path = Base.lproj/Main.storyboard; sourceTree = "<group>"; };
		CFAFE66E1E68F9CA0062235E /* Assets.xcassets */ = {isa = PBXFileReference; lastKnownFileType = folder.assetcatalog; path = Assets.xcassets; sourceTree = "<group>"; };
		CFAFE6711E68F9CA0062235E /* Base */ = {isa = PBXFileReference; lastKnownFileType = file.storyboard; name = Base; path = Base.lproj/LaunchScreen.storyboard; sourceTree = "<group>"; };
		CFAFE6731E68F9CA0062235E /* Info.plist */ = {isa = PBXFileReference; lastKnownFileType = text.plist.xml; path = Info.plist; sourceTree = "<group>"; };
		CFFCA31C1EB8E1990055D54B /* UserInteraction.swift */ = {isa = PBXFileReference; fileEncoding = 4; lastKnownFileType = sourcecode.swift; name = UserInteraction.swift; path = Controllers/DetailsController/UserInteraction.swift; sourceTree = "<group>"; };
		CFFCA31E1EB8E1EE0055D54B /* DetailCellData.swift */ = {isa = PBXFileReference; fileEncoding = 4; lastKnownFileType = sourcecode.swift; name = DetailCellData.swift; path = Controllers/DetailsController/DetailCellData.swift; sourceTree = "<group>"; };
		CFFCA3201EB8E2750055D54B /* DataGenerator.swift */ = {isa = PBXFileReference; fileEncoding = 4; lastKnownFileType = sourcecode.swift; name = DataGenerator.swift; path = Controllers/DetailsController/DataGenerator.swift; sourceTree = "<group>"; };
		CFFCA3221EB8E39B0055D54B /* TextFormatter.swift */ = {isa = PBXFileReference; fileEncoding = 4; lastKnownFileType = sourcecode.swift; name = TextFormatter.swift; path = Controllers/DetailsController/TextFormatter.swift; sourceTree = "<group>"; };
/* End PBXFileReference section */

/* Begin PBXFrameworksBuildPhase section */
		CFAFE6611E68F9CA0062235E /* Frameworks */ = {
			isa = PBXFrameworksBuildPhase;
			buildActionMask = 2147483647;
			files = (
				04188B771971CC16A77558DA /* Pods_EasyLearn.framework in Frameworks */,
			);
			runOnlyForDeploymentPostprocessing = 0;
		};
/* End PBXFrameworksBuildPhase section */

/* Begin PBXGroup section */
		504FA3A28C71575CD30D7588 /* Pods */ = {
			isa = PBXGroup;
			children = (
				B8B2FD38BDFDC2C50038BE00 /* Pods-EasyLearn.debug.xcconfig */,
				6EF7DBD2DA942ED54ADD413D /* Pods-EasyLearn.release.xcconfig */,
			);
			name = Pods;
			sourceTree = "<group>";
		};
		CF0A82DF1EAEFC6A00D2BFB1 /* Observers */ = {
			isa = PBXGroup;
			children = (
				CF0A82E01EAEFDC800D2BFB1 /* HomeControllerObserver.swift */,
			);
			name = Observers;
			sourceTree = "<group>";
		};
		CF0A82E21EB102F400D2BFB1 /* AppNavigation */ = {
			isa = PBXGroup;
			children = (
				CF0A82E31EB1031500D2BFB1 /* App.swift */,
			);
			name = AppNavigation;
			sourceTree = "<group>";
		};
		CF16A9F31EA1C2B4003EC2F7 /* Extensions */ = {
			isa = PBXGroup;
			children = (
				CF6BB1A31EB1A7D2003A8D54 /* cbgcCustomFunctions.swift */,
				CF6BB1A41EB1A7D2003A8D54 /* cbgcDelegateExtension.swift */,
				CF6BB1A51EB1A7D2003A8D54 /* cbgcSetupViewExtension.swift */,
			);
			name = Extensions;
			sourceTree = "<group>";
		};
		CF16A9FC1EA2A24C003EC2F7 /* ColorImageSelector */ = {
			isa = PBXGroup;
			children = (
				CF6BB19B1EB1A743003A8D54 /* ColorImageSelector.swift */,
				CF16AA011EA2AA74003EC2F7 /* Extensions */,
			);
			name = ColorImageSelector;
			sourceTree = "<group>";
		};
		CF16AA011EA2AA74003EC2F7 /* Extensions */ = {
			isa = PBXGroup;
			children = (
				CF6BB1971EB1A73C003A8D54 /* cisCollectionViewExtension.swift */,
				CF6BB1981EB1A73C003A8D54 /* cisSetupViewsExtension.swift */,
			);
			name = Extensions;
			sourceTree = "<group>";
		};
		CF1C110E1E84BD8700EC0181 /* Extensions */ = {
			isa = PBXGroup;
			children = (
				CF6BB1771EB1A4C9003A8D54 /* wdCollectionViewExtension.swift */,
			);
			name = Extensions;
			sourceTree = "<group>";
		};
		CF3871231E87309A005AA866 /* Extensions */ = {
			isa = PBXGroup;
			children = (
				CF6BB1831EB1A54F003A8D54 /* cvCollectionViewExtension.swift */,
				CF6BB1841EB1A54F003A8D54 /* cvCustomFuncs.swift */,
				CF6BB1851EB1A54F003A8D54 /* cvGestureExtension.swift */,
				CF6BB1861EB1A54F003A8D54 /* cvSetupViewExtension.swift */,
			);
			name = Extensions;
			sourceTree = "<group>";
		};
		CF3871281E873CEB005AA866 /* Helper */ = {
			isa = PBXGroup;
			children = (
				CF6BB1611EB1A37B003A8D54 /* Helper.swift */,
			);
			name = Helper;
			sourceTree = "<group>";
		};
		CF38712D1E89B086005AA866 /* Core Data */ = {
			isa = PBXGroup;
			children = (
				CF38712E1E89B0DE005AA866 /* CoreDataStack.swift */,
				CF3871331E89BAEB005AA866 /* DataLayerSimple.swift */,
				CF3871301E89B193005AA866 /* CDWord.xcdatamodeld */,
			);
			name = "Core Data";
			sourceTree = "<group>";
		};
		CF51089B1E7C6198008B2BC0 /* Views */ = {
			isa = PBXGroup;
			children = (
				CF6012D91E773B7100EA0A3A /* Cells */,
				CF6BB1411EB1A0A9003A8D54 /* HomeView.swift */,
				CF6BB1431EB1A197003A8D54 /* BackgroundColorView.swift */,
				CF6BB1451EB1A1A3003A8D54 /* CardView.swift */,
				CF6BB1471EB1A1AE003A8D54 /* ColorImageSelectorView.swift */,
				CF6BB1491EB1A1B8003A8D54 /* AlphaView.swift */,
				CF6BB14B1EB1A1C0003A8D54 /* FlashCardView.swift */,
			);
			name = Views;
			sourceTree = "<group>";
		};
		CF5108A01E7C6CFB008B2BC0 /* HomeView */ = {
			isa = PBXGroup;
			children = (
				CF5108A51E7C6D69008B2BC0 /* Extensions */,
				CF6BB1711EB1A461003A8D54 /* HomeVCAction.swift */,
				CF6BB1721EB1A461003A8D54 /* HomeViewController.swift */,
			);
			name = HomeView;
			sourceTree = "<group>";
		};
		CF5108A11E7C6D11008B2BC0 /* LexicalEntry */ = {
			isa = PBXGroup;
			children = (
				CF6BB1751EB1A48D003A8D54 /* LexicalEntryViewController.swift */,
				CF6BB1B31EB1AA81003A8D54 /* CellData.swift */,
				CF6BB1B51EB24131003A8D54 /* ShowDetails.swift */,
			);
			name = LexicalEntry;
			sourceTree = "<group>";
		};
		CF5108A21E7C6D29008B2BC0 /* WordDetails */ = {
			isa = PBXGroup;
			children = (
				CF1C110E1E84BD8700EC0181 /* Extensions */,
				CF6BB17D1EB1A4D5003A8D54 /* WordDetailsVC.swift */,
				CF6BB17E1EB1A4D5003A8D54 /* WordSubDetailsVC.swift */,
				CFFCA31C1EB8E1990055D54B /* UserInteraction.swift */,
				CFFCA31E1EB8E1EE0055D54B /* DetailCellData.swift */,
				CFFCA3201EB8E2750055D54B /* DataGenerator.swift */,
				CFFCA3221EB8E39B0055D54B /* TextFormatter.swift */,
			);
			name = WordDetails;
			sourceTree = "<group>";
		};
		CF5108A31E7C6D38008B2BC0 /* ErrorView */ = {
			isa = PBXGroup;
			children = (
				CF6BB1811EB1A503003A8D54 /* ErrorViewController.swift */,
			);
			name = ErrorView;
			sourceTree = "<group>";
		};
		CF5108A41E7C6D44008B2BC0 /* CardsView */ = {
			isa = PBXGroup;
			children = (
				CF6BB18B1EB1A558003A8D54 /* CardsViewController.swift */,
				CF3871231E87309A005AA866 /* Extensions */,
			);
			name = CardsView;
			sourceTree = "<group>";
		};
		CF5108A51E7C6D69008B2BC0 /* Extensions */ = {
			isa = PBXGroup;
			children = (
				CF6BB16B1EB1A455003A8D54 /* hvCollectionViewExtension.swift */,
				CF6BB16C1EB1A455003A8D54 /* hvDelegateExtension.swift */,
				CF6BB16D1EB1A455003A8D54 /* hvSetupViewExtension.swift */,
			);
			name = Extensions;
			sourceTree = "<group>";
		};
		CF5108AC1E7CABC1008B2BC0 /* CustomCards */ = {
			isa = PBXGroup;
			children = (
				CF6BB18D1EB1A593003A8D54 /* CustomCardsViewController.swift */,
			);
			name = CustomCards;
			sourceTree = "<group>";
		};
		CF5108AF1E7CAC0E008B2BC0 /* Play */ = {
			isa = PBXGroup;
			children = (
				CF6BB18F1EB1A5B2003A8D54 /* PlayViewController.swift */,
			);
			name = Play;
			sourceTree = "<group>";
		};
		CF5108B21E7CAC4B008B2BC0 /* Settings */ = {
			isa = PBXGroup;
			children = (
				CF6BB1911EB1A610003A8D54 /* SettingsViewController.swift */,
			);
			name = Settings;
			sourceTree = "<group>";
		};
		CF6012D91E773B7100EA0A3A /* Cells */ = {
			isa = PBXGroup;
			children = (
				CF6BB14D1EB1A260003A8D54 /* BaseCell.swift */,
				CF6BB14F1EB1A26A003A8D54 /* DetailsCell.swift */,
				CF6BB1511EB1A275003A8D54 /* DashboardCell.swift */,
				CF6BB1531EB1A286003A8D54 /* FlashCardCell.swift */,
				CF6BB1551EB1A2AB003A8D54 /* ColorImageCell.swift */,
			);
			name = Cells;
			sourceTree = "<group>";
		};
		CF6012DE1E789BA100EA0A3A /* Controllers */ = {
			isa = PBXGroup;
			children = (
				CF16A9FC1EA2A24C003EC2F7 /* ColorImageSelector */,
				CFF0751F1E9B365000F7794D /* Colors */,
				CFF0751B1E9AF5E500F7794D /* BackgroundImage */,
				CF5108B21E7CAC4B008B2BC0 /* Settings */,
				CF5108AF1E7CAC0E008B2BC0 /* Play */,
				CF5108AC1E7CABC1008B2BC0 /* CustomCards */,
				CFC779F41E95DB7E00F8FA25 /* CardSettings */,
				CF5108A41E7C6D44008B2BC0 /* CardsView */,
				CF5108A31E7C6D38008B2BC0 /* ErrorView */,
				CF5108A21E7C6D29008B2BC0 /* WordDetails */,
				CF5108A11E7C6D11008B2BC0 /* LexicalEntry */,
				CF5108A01E7C6CFB008B2BC0 /* HomeView */,
			);
			name = Controllers;
			sourceTree = "<group>";
		};
		CF6012DF1E789BBE00EA0A3A /* Networking */ = {
			isa = PBXGroup;
			children = (
				CF6BB1931EB1A654003A8D54 /* Service.swift */,
				CF3209F91EB50C2E001BF89D /* Reachability.swift */,
				CF3209FB1EB5265E001BF89D /* Resource.swift */,
				CF320A041EB527EB001BF89D /* Builder.swift */,
			);
			name = Networking;
			sourceTree = "<group>";
		};
		CF6012E01E789BCB00EA0A3A /* Supporting */ = {
			isa = PBXGroup;
			children = (
				CFAFE66B1E68F9CA0062235E /* Main.storyboard */,
				CFAFE6671E68F9CA0062235E /* AppDelegate.swift */,
				CFAFE66E1E68F9CA0062235E /* Assets.xcassets */,
				CFAFE6701E68F9CA0062235E /* LaunchScreen.storyboard */,
				CFAFE6731E68F9CA0062235E /* Info.plist */,
			);
			name = Supporting;
			sourceTree = "<group>";
		};
		CF6012E11E789BE600EA0A3A /* Extensions */ = {
			isa = PBXGroup;
			children = (
				CF6BB1B11EB1A952003A8D54 /* Extensions.swift */,
			);
			name = Extensions;
			sourceTree = "<group>";
		};
		CF6012E21E789BF200EA0A3A /* Models */ = {
			isa = PBXGroup;
			children = (
				CF6BB1AF1EB1A924003A8D54 /* Models.swift */,
				CF3209FD1EB526D8001BF89D /* DetailDeserializer.swift */,
				CF3209FF1EB5270D001BF89D /* WordDeserializer.swift */,
				CF320A011EB527A5001BF89D /* WordCreator.swift */,
			);
			name = Models;
			sourceTree = "<group>";
		};
		CF6BB13E1EB19FC4003A8D54 /* ReusableClass */ = {
			isa = PBXGroup;
			children = (
				CF6BB13F1EB19FF4003A8D54 /* CustomAttributtedString.swift */,
			);
			name = ReusableClass;
			sourceTree = "<group>";
		};
		CFAFE65B1E68F9CA0062235E = {
			isa = PBXGroup;
			children = (
				CFAFE6661E68F9CA0062235E /* EasyLearn */,
				CFAFE6651E68F9CA0062235E /* Products */,
				504FA3A28C71575CD30D7588 /* Pods */,
				E8481354995460FEEEB869B9 /* Frameworks */,
			);
			sourceTree = "<group>";
		};
		CFAFE6651E68F9CA0062235E /* Products */ = {
			isa = PBXGroup;
			children = (
				CFAFE6641E68F9CA0062235E /* EasyLearn.app */,
			);
			name = Products;
			sourceTree = "<group>";
		};
		CFAFE6661E68F9CA0062235E /* EasyLearn */ = {
			isa = PBXGroup;
			children = (
				CF6BB13E1EB19FC4003A8D54 /* ReusableClass */,
				CF0A82DF1EAEFC6A00D2BFB1 /* Observers */,
				CFFBB4091E8DB0FB007DCD66 /* Subclasses */,
				CF38712D1E89B086005AA866 /* Core Data */,
				CF3871281E873CEB005AA866 /* Helper */,
				CF51089B1E7C6198008B2BC0 /* Views */,
				CFF075221E9B5EEC00F7794D /* ViewModels */,
				CF6012DE1E789BA100EA0A3A /* Controllers */,
				CF6012E21E789BF200EA0A3A /* Models */,
				CF6012E11E789BE600EA0A3A /* Extensions */,
				CF0A82E21EB102F400D2BFB1 /* AppNavigation */,
				CF6012E01E789BCB00EA0A3A /* Supporting */,
				CF6012DF1E789BBE00EA0A3A /* Networking */,
			);
			path = EasyLearn;
			sourceTree = "<group>";
		};
		CFC779F41E95DB7E00F8FA25 /* CardSettings */ = {
			isa = PBXGroup;
			children = (
				CFF075101E9AF47200F7794D /* Extensions */,
				CF6BB1951EB1A6DF003A8D54 /* CardSettingsController.swift */,
			);
			name = CardSettings;
			sourceTree = "<group>";
		};
		CFF075101E9AF47200F7794D /* Extensions */ = {
			isa = PBXGroup;
			children = (
				CF6BB19D1EB1A782003A8D54 /* csCustomFuctionsExtension.swift */,
				CF6BB19E1EB1A782003A8D54 /* csSetupViewExtension.swift */,
				CF6BB19F1EB1A782003A8D54 /* csTableViewExtension.swift */,
			);
			name = Extensions;
			sourceTree = "<group>";
		};
		CFF0751B1E9AF5E500F7794D /* BackgroundImage */ = {
			isa = PBXGroup;
			children = (
				CF6BB1AD1EB1A87C003A8D54 /* BackgroundImageController.swift */,
				CFF0751E1E9AF68100F7794D /* Extensions */,
			);
			name = BackgroundImage;
			sourceTree = "<group>";
		};
		CFF0751E1E9AF68100F7794D /* Extensions */ = {
			isa = PBXGroup;
			children = (
				CF6BB1AB1EB1A873003A8D54 /* biCollectionViewExtension.swift */,
			);
			name = Extensions;
			sourceTree = "<group>";
		};
		CFF0751F1E9B365000F7794D /* Colors */ = {
			isa = PBXGroup;
			children = (
				CF6BB1A91EB1A7E1003A8D54 /* CardBgColorController.swift */,
				CF16A9F31EA1C2B4003EC2F7 /* Extensions */,
			);
			name = Colors;
			sourceTree = "<group>";
		};
		CFF075221E9B5EEC00F7794D /* ViewModels */ = {
			isa = PBXGroup;
			children = (
				CF6BB1571EB1A34E003A8D54 /* CardViewModel.swift */,
				CF6BB1581EB1A34E003A8D54 /* ColorCellsViewModel.swift */,
				CF6BB1591EB1A34E003A8D54 /* ColorViewModel.swift */,
				CF6BB15B1EB1A34E003A8D54 /* SelectorViewModel.swift */,
			);
			name = ViewModels;
			sourceTree = "<group>";
		};
		CFFBB4091E8DB0FB007DCD66 /* Subclasses */ = {
			isa = PBXGroup;
			children = (
				CF6BB1631EB1A3DA003A8D54 /* CircleButton.swift */,
				CF6BB1641EB1A3DA003A8D54 /* LeftPaddedTextField.swift */,
				CF6BB1651EB1A3DA003A8D54 /* LeftPaddedUILabel.swift */,
				CF6BB1661EB1A3DA003A8D54 /* VerticallyCenteredTextView.swift */,
			);
			name = Subclasses;
			sourceTree = "<group>";
		};
		E8481354995460FEEEB869B9 /* Frameworks */ = {
			isa = PBXGroup;
			children = (
				976E28507EF0BE8A82DAFA65 /* Pods_EasyLearn.framework */,
			);
			name = Frameworks;
			sourceTree = "<group>";
		};
/* End PBXGroup section */

/* Begin PBXNativeTarget section */
		CFAFE6631E68F9CA0062235E /* EasyLearn */ = {
			isa = PBXNativeTarget;
			buildConfigurationList = CFAFE6761E68F9CA0062235E /* Build configuration list for PBXNativeTarget "EasyLearn" */;
			buildPhases = (
				7AD54B3D203C8CC7F5F60CB8 /* [CP] Check Pods Manifest.lock */,
				CFAFE6601E68F9CA0062235E /* Sources */,
				CFAFE6611E68F9CA0062235E /* Frameworks */,
				CFAFE6621E68F9CA0062235E /* Resources */,
				F8E761075D78BDA7BEDDAF31 /* [CP] Embed Pods Frameworks */,
				4A70E9E280BA269A6ADAC503 /* [CP] Copy Pods Resources */,
			);
			buildRules = (
			);
			dependencies = (
			);
			name = EasyLearn;
			productName = EasyLearn;
			productReference = CFAFE6641E68F9CA0062235E /* EasyLearn.app */;
			productType = "com.apple.product-type.application";
		};
/* End PBXNativeTarget section */

/* Begin PBXProject section */
		CFAFE65C1E68F9CA0062235E /* Project object */ = {
			isa = PBXProject;
			attributes = {
				LastSwiftUpdateCheck = 0820;
				LastUpgradeCheck = 0820;
				ORGANIZATIONNAME = Tebin;
				TargetAttributes = {
					CFAFE6631E68F9CA0062235E = {
						CreatedOnToolsVersion = 8.2.1;
						DevelopmentTeam = 2X4GM5K9GM;
						ProvisioningStyle = Automatic;
					};
				};
			};
			buildConfigurationList = CFAFE65F1E68F9CA0062235E /* Build configuration list for PBXProject "EasyLearn" */;
			compatibilityVersion = "Xcode 3.2";
			developmentRegion = English;
			hasScannedForEncodings = 0;
			knownRegions = (
				en,
				Base,
			);
			mainGroup = CFAFE65B1E68F9CA0062235E;
			productRefGroup = CFAFE6651E68F9CA0062235E /* Products */;
			projectDirPath = "";
			projectRoot = "";
			targets = (
				CFAFE6631E68F9CA0062235E /* EasyLearn */,
			);
		};
/* End PBXProject section */

/* Begin PBXResourcesBuildPhase section */
		CFAFE6621E68F9CA0062235E /* Resources */ = {
			isa = PBXResourcesBuildPhase;
			buildActionMask = 2147483647;
			files = (
				CFAFE6721E68F9CA0062235E /* LaunchScreen.storyboard in Resources */,
				CFAFE66F1E68F9CA0062235E /* Assets.xcassets in Resources */,
				CFAFE66D1E68F9CA0062235E /* Main.storyboard in Resources */,
			);
			runOnlyForDeploymentPostprocessing = 0;
		};
/* End PBXResourcesBuildPhase section */

/* Begin PBXShellScriptBuildPhase section */
		4A70E9E280BA269A6ADAC503 /* [CP] Copy Pods Resources */ = {
			isa = PBXShellScriptBuildPhase;
			buildActionMask = 2147483647;
			files = (
			);
			inputPaths = (
			);
			name = "[CP] Copy Pods Resources";
			outputPaths = (
			);
			runOnlyForDeploymentPostprocessing = 0;
			shellPath = /bin/sh;
			shellScript = "\"${SRCROOT}/Pods/Target Support Files/Pods-EasyLearn/Pods-EasyLearn-resources.sh\"\n";
			showEnvVarsInLog = 0;
		};
		7AD54B3D203C8CC7F5F60CB8 /* [CP] Check Pods Manifest.lock */ = {
			isa = PBXShellScriptBuildPhase;
			buildActionMask = 2147483647;
			files = (
			);
			inputPaths = (
			);
			name = "[CP] Check Pods Manifest.lock";
			outputPaths = (
			);
			runOnlyForDeploymentPostprocessing = 0;
			shellPath = /bin/sh;
			shellScript = "diff \"${PODS_ROOT}/../Podfile.lock\" \"${PODS_ROOT}/Manifest.lock\" > /dev/null\nif [ $? != 0 ] ; then\n    # print error to STDERR\n    echo \"error: The sandbox is not in sync with the Podfile.lock. Run 'pod install' or update your CocoaPods installation.\" >&2\n    exit 1\nfi\n";
			showEnvVarsInLog = 0;
		};
		F8E761075D78BDA7BEDDAF31 /* [CP] Embed Pods Frameworks */ = {
			isa = PBXShellScriptBuildPhase;
			buildActionMask = 2147483647;
			files = (
			);
			inputPaths = (
			);
			name = "[CP] Embed Pods Frameworks";
			outputPaths = (
			);
			runOnlyForDeploymentPostprocessing = 0;
			shellPath = /bin/sh;
			shellScript = "\"${SRCROOT}/Pods/Target Support Files/Pods-EasyLearn/Pods-EasyLearn-frameworks.sh\"\n";
			showEnvVarsInLog = 0;
		};
/* End PBXShellScriptBuildPhase section */

/* Begin PBXSourcesBuildPhase section */
		CFAFE6601E68F9CA0062235E /* Sources */ = {
			isa = PBXSourcesBuildPhase;
			buildActionMask = 2147483647;
			files = (
				CFFCA3231EB8E39B0055D54B /* TextFormatter.swift in Sources */,
				CF6BB1601EB1A34E003A8D54 /* SelectorViewModel.swift in Sources */,
				CF6BB1821EB1A503003A8D54 /* ErrorViewController.swift in Sources */,
				CF6BB1A01EB1A782003A8D54 /* csCustomFuctionsExtension.swift in Sources */,
				CF6BB1A81EB1A7D2003A8D54 /* cbgcSetupViewExtension.swift in Sources */,
				CF6BB15C1EB1A34E003A8D54 /* CardViewModel.swift in Sources */,
				CF6BB1A61EB1A7D2003A8D54 /* cbgcCustomFunctions.swift in Sources */,
				CF6BB19C1EB1A743003A8D54 /* ColorImageSelector.swift in Sources */,
				CF6BB1401EB19FF4003A8D54 /* CustomAttributtedString.swift in Sources */,
				CF6BB18C1EB1A558003A8D54 /* CardsViewController.swift in Sources */,
				CF6BB1681EB1A3DA003A8D54 /* LeftPaddedTextField.swift in Sources */,
				CF0A82E41EB1031500D2BFB1 /* App.swift in Sources */,
				CF6BB1671EB1A3DA003A8D54 /* CircleButton.swift in Sources */,
				CF6BB1B01EB1A924003A8D54 /* Models.swift in Sources */,
				CF6BB1481EB1A1AE003A8D54 /* ColorImageSelectorView.swift in Sources */,
				CF6BB1621EB1A37B003A8D54 /* Helper.swift in Sources */,
				CF6BB1701EB1A455003A8D54 /* hvSetupViewExtension.swift in Sources */,
				CFFCA31F1EB8E1EE0055D54B /* DetailCellData.swift in Sources */,
				CF38712F1E89B0DE005AA866 /* CoreDataStack.swift in Sources */,
				CF6BB17A1EB1A4C9003A8D54 /* wdCollectionViewExtension.swift in Sources */,
				CF6BB1521EB1A275003A8D54 /* DashboardCell.swift in Sources */,
				CF6BB14C1EB1A1C0003A8D54 /* FlashCardView.swift in Sources */,
				CF6BB18E1EB1A593003A8D54 /* CustomCardsViewController.swift in Sources */,
				CF6BB14A1EB1A1B8003A8D54 /* AlphaView.swift in Sources */,
				CF0A82E11EAEFDC800D2BFB1 /* HomeControllerObserver.swift in Sources */,
				CF3209FE1EB526D8001BF89D /* DetailDeserializer.swift in Sources */,
				CF6BB1761EB1A48D003A8D54 /* LexicalEntryViewController.swift in Sources */,
				CF6BB1B21EB1A952003A8D54 /* Extensions.swift in Sources */,
				CF6BB1B41EB1AA81003A8D54 /* CellData.swift in Sources */,
				CF6BB1941EB1A654003A8D54 /* Service.swift in Sources */,
				CF6BB1A71EB1A7D2003A8D54 /* cbgcDelegateExtension.swift in Sources */,
				CF6BB1B61EB24131003A8D54 /* ShowDetails.swift in Sources */,
				CF6BB1541EB1A286003A8D54 /* FlashCardCell.swift in Sources */,
				CF6BB1421EB1A0A9003A8D54 /* HomeView.swift in Sources */,
				CF320A051EB527EB001BF89D /* Builder.swift in Sources */,
				CF6BB1921EB1A610003A8D54 /* SettingsViewController.swift in Sources */,
				CF3871341E89BAEB005AA866 /* DataLayerSimple.swift in Sources */,
				CF6BB15D1EB1A34E003A8D54 /* ColorCellsViewModel.swift in Sources */,
				CF6BB14E1EB1A260003A8D54 /* BaseCell.swift in Sources */,
				CF6BB17F1EB1A4D5003A8D54 /* WordDetailsVC.swift in Sources */,
				CF6BB1891EB1A54F003A8D54 /* cvGestureExtension.swift in Sources */,
				CF6BB1AC1EB1A873003A8D54 /* biCollectionViewExtension.swift in Sources */,
				CF6BB1AA1EB1A7E1003A8D54 /* CardBgColorController.swift in Sources */,
				CF320A021EB527A5001BF89D /* WordCreator.swift in Sources */,
				CF6BB1901EB1A5B2003A8D54 /* PlayViewController.swift in Sources */,
				CF6BB16F1EB1A455003A8D54 /* hvDelegateExtension.swift in Sources */,
				CF3209FC1EB5265E001BF89D /* Resource.swift in Sources */,
				CFAFE6681E68F9CA0062235E /* AppDelegate.swift in Sources */,
				CF6BB1731EB1A461003A8D54 /* HomeVCAction.swift in Sources */,
				CF6BB16A1EB1A3DA003A8D54 /* VerticallyCenteredTextView.swift in Sources */,
				CF6BB1561EB1A2AB003A8D54 /* ColorImageCell.swift in Sources */,
				CF6BB15E1EB1A34E003A8D54 /* ColorViewModel.swift in Sources */,
				CF6BB1AE1EB1A87C003A8D54 /* BackgroundImageController.swift in Sources */,
				CF6BB1801EB1A4D5003A8D54 /* WordSubDetailsVC.swift in Sources */,
				CF6BB1741EB1A461003A8D54 /* HomeViewController.swift in Sources */,
				CF6BB1961EB1A6DF003A8D54 /* CardSettingsController.swift in Sources */,
				CF6BB19A1EB1A73C003A8D54 /* cisSetupViewsExtension.swift in Sources */,
				CF6BB1A11EB1A782003A8D54 /* csSetupViewExtension.swift in Sources */,
				CF6BB18A1EB1A54F003A8D54 /* cvSetupViewExtension.swift in Sources */,
				CF6BB1441EB1A197003A8D54 /* BackgroundColorView.swift in Sources */,
				CF6BB1A21EB1A782003A8D54 /* csTableViewExtension.swift in Sources */,
				CF6BB1501EB1A26A003A8D54 /* DetailsCell.swift in Sources */,
				CF6BB1691EB1A3DA003A8D54 /* LeftPaddedUILabel.swift in Sources */,
				CF6BB16E1EB1A455003A8D54 /* hvCollectionViewExtension.swift in Sources */,
				CF6BB1871EB1A54F003A8D54 /* cvCollectionViewExtension.swift in Sources */,
				CF6BB1991EB1A73C003A8D54 /* cisCollectionViewExtension.swift in Sources */,
				CF3209FA1EB50C2E001BF89D /* Reachability.swift in Sources */,
				CF6BB1461EB1A1A3003A8D54 /* CardView.swift in Sources */,
				CF6BB1881EB1A54F003A8D54 /* cvCustomFuncs.swift in Sources */,
				CF3871321E89B193005AA866 /* CDWord.xcdatamodeld in Sources */,
				CFFCA3211EB8E2750055D54B /* DataGenerator.swift in Sources */,
				CF320A001EB5270D001BF89D /* WordDeserializer.swift in Sources */,
				CFFCA31D1EB8E1990055D54B /* UserInteraction.swift in Sources */,
			);
			runOnlyForDeploymentPostprocessing = 0;
		};
/* End PBXSourcesBuildPhase section */

/* Begin PBXVariantGroup section */
		CFAFE66B1E68F9CA0062235E /* Main.storyboard */ = {
			isa = PBXVariantGroup;
			children = (
				CFAFE66C1E68F9CA0062235E /* Base */,
			);
			name = Main.storyboard;
			sourceTree = "<group>";
		};
		CFAFE6701E68F9CA0062235E /* LaunchScreen.storyboard */ = {
			isa = PBXVariantGroup;
			children = (
				CFAFE6711E68F9CA0062235E /* Base */,
			);
			name = LaunchScreen.storyboard;
			sourceTree = "<group>";
		};
/* End PBXVariantGroup section */

/* Begin XCBuildConfiguration section */
		CFAFE6741E68F9CA0062235E /* Debug */ = {
			isa = XCBuildConfiguration;
			buildSettings = {
				ALWAYS_SEARCH_USER_PATHS = NO;
				CLANG_ANALYZER_NONNULL = YES;
				CLANG_CXX_LANGUAGE_STANDARD = "gnu++0x";
				CLANG_CXX_LIBRARY = "libc++";
				CLANG_ENABLE_MODULES = YES;
				CLANG_ENABLE_OBJC_ARC = YES;
				CLANG_WARN_BOOL_CONVERSION = YES;
				CLANG_WARN_CONSTANT_CONVERSION = YES;
				CLANG_WARN_DIRECT_OBJC_ISA_USAGE = YES_ERROR;
				CLANG_WARN_DOCUMENTATION_COMMENTS = YES;
				CLANG_WARN_EMPTY_BODY = YES;
				CLANG_WARN_ENUM_CONVERSION = YES;
				CLANG_WARN_INFINITE_RECURSION = YES;
				CLANG_WARN_INT_CONVERSION = YES;
				CLANG_WARN_OBJC_ROOT_CLASS = YES_ERROR;
				CLANG_WARN_SUSPICIOUS_MOVE = YES;
				CLANG_WARN_UNREACHABLE_CODE = YES;
				CLANG_WARN__DUPLICATE_METHOD_MATCH = YES;
				"CODE_SIGN_IDENTITY[sdk=iphoneos*]" = "iPhone Developer";
				COPY_PHASE_STRIP = NO;
				DEBUG_INFORMATION_FORMAT = dwarf;
				ENABLE_STRICT_OBJC_MSGSEND = YES;
				ENABLE_TESTABILITY = YES;
				GCC_C_LANGUAGE_STANDARD = gnu99;
				GCC_DYNAMIC_NO_PIC = NO;
				GCC_NO_COMMON_BLOCKS = YES;
				GCC_OPTIMIZATION_LEVEL = 0;
				GCC_PREPROCESSOR_DEFINITIONS = (
					"DEBUG=1",
					"$(inherited)",
				);
				GCC_WARN_64_TO_32_BIT_CONVERSION = YES;
				GCC_WARN_ABOUT_RETURN_TYPE = YES_ERROR;
				GCC_WARN_UNDECLARED_SELECTOR = YES;
				GCC_WARN_UNINITIALIZED_AUTOS = YES_AGGRESSIVE;
				GCC_WARN_UNUSED_FUNCTION = YES;
				GCC_WARN_UNUSED_VARIABLE = YES;
				IPHONEOS_DEPLOYMENT_TARGET = 10.2;
				MTL_ENABLE_DEBUG_INFO = YES;
				ONLY_ACTIVE_ARCH = YES;
				SDKROOT = iphoneos;
				SWIFT_ACTIVE_COMPILATION_CONDITIONS = DEBUG;
				SWIFT_OPTIMIZATION_LEVEL = "-Onone";
				TARGETED_DEVICE_FAMILY = "1,2";
			};
			name = Debug;
		};
		CFAFE6751E68F9CA0062235E /* Release */ = {
			isa = XCBuildConfiguration;
			buildSettings = {
				ALWAYS_SEARCH_USER_PATHS = NO;
				CLANG_ANALYZER_NONNULL = YES;
				CLANG_CXX_LANGUAGE_STANDARD = "gnu++0x";
				CLANG_CXX_LIBRARY = "libc++";
				CLANG_ENABLE_MODULES = YES;
				CLANG_ENABLE_OBJC_ARC = YES;
				CLANG_WARN_BOOL_CONVERSION = YES;
				CLANG_WARN_CONSTANT_CONVERSION = YES;
				CLANG_WARN_DIRECT_OBJC_ISA_USAGE = YES_ERROR;
				CLANG_WARN_DOCUMENTATION_COMMENTS = YES;
				CLANG_WARN_EMPTY_BODY = YES;
				CLANG_WARN_ENUM_CONVERSION = YES;
				CLANG_WARN_INFINITE_RECURSION = YES;
				CLANG_WARN_INT_CONVERSION = YES;
				CLANG_WARN_OBJC_ROOT_CLASS = YES_ERROR;
				CLANG_WARN_SUSPICIOUS_MOVE = YES;
				CLANG_WARN_UNREACHABLE_CODE = YES;
				CLANG_WARN__DUPLICATE_METHOD_MATCH = YES;
				"CODE_SIGN_IDENTITY[sdk=iphoneos*]" = "iPhone Developer";
				COPY_PHASE_STRIP = NO;
				DEBUG_INFORMATION_FORMAT = "dwarf-with-dsym";
				ENABLE_NS_ASSERTIONS = NO;
				ENABLE_STRICT_OBJC_MSGSEND = YES;
				GCC_C_LANGUAGE_STANDARD = gnu99;
				GCC_NO_COMMON_BLOCKS = YES;
				GCC_WARN_64_TO_32_BIT_CONVERSION = YES;
				GCC_WARN_ABOUT_RETURN_TYPE = YES_ERROR;
				GCC_WARN_UNDECLARED_SELECTOR = YES;
				GCC_WARN_UNINITIALIZED_AUTOS = YES_AGGRESSIVE;
				GCC_WARN_UNUSED_FUNCTION = YES;
				GCC_WARN_UNUSED_VARIABLE = YES;
				IPHONEOS_DEPLOYMENT_TARGET = 10.2;
				MTL_ENABLE_DEBUG_INFO = NO;
				SDKROOT = iphoneos;
				SWIFT_OPTIMIZATION_LEVEL = "-Owholemodule";
				TARGETED_DEVICE_FAMILY = "1,2";
				VALIDATE_PRODUCT = YES;
			};
			name = Release;
		};
		CFAFE6771E68F9CA0062235E /* Debug */ = {
			isa = XCBuildConfiguration;
			baseConfigurationReference = B8B2FD38BDFDC2C50038BE00 /* Pods-EasyLearn.debug.xcconfig */;
			buildSettings = {
				ASSETCATALOG_COMPILER_APPICON_NAME = AppIcon;
				DEVELOPMENT_TEAM = 2X4GM5K9GM;
				INFOPLIST_FILE = EasyLearn/Info.plist;
				LD_RUNPATH_SEARCH_PATHS = "$(inherited) @executable_path/Frameworks";
				PRODUCT_BUNDLE_IDENTIFIER = com.tebeen.EasyLearn;
				PRODUCT_NAME = "$(TARGET_NAME)";
				SWIFT_VERSION = 3.0;
			};
			name = Debug;
		};
		CFAFE6781E68F9CA0062235E /* Release */ = {
			isa = XCBuildConfiguration;
			baseConfigurationReference = 6EF7DBD2DA942ED54ADD413D /* Pods-EasyLearn.release.xcconfig */;
			buildSettings = {
				ASSETCATALOG_COMPILER_APPICON_NAME = AppIcon;
				DEVELOPMENT_TEAM = 2X4GM5K9GM;
				INFOPLIST_FILE = EasyLearn/Info.plist;
				LD_RUNPATH_SEARCH_PATHS = "$(inherited) @executable_path/Frameworks";
				PRODUCT_BUNDLE_IDENTIFIER = com.tebeen.EasyLearn;
				PRODUCT_NAME = "$(TARGET_NAME)";
				SWIFT_VERSION = 3.0;
			};
			name = Release;
		};
/* End XCBuildConfiguration section */

/* Begin XCConfigurationList section */
		CFAFE65F1E68F9CA0062235E /* Build configuration list for PBXProject "EasyLearn" */ = {
			isa = XCConfigurationList;
			buildConfigurations = (
				CFAFE6741E68F9CA0062235E /* Debug */,
				CFAFE6751E68F9CA0062235E /* Release */,
			);
			defaultConfigurationIsVisible = 0;
			defaultConfigurationName = Release;
		};
		CFAFE6761E68F9CA0062235E /* Build configuration list for PBXNativeTarget "EasyLearn" */ = {
			isa = XCConfigurationList;
			buildConfigurations = (
				CFAFE6771E68F9CA0062235E /* Debug */,
				CFAFE6781E68F9CA0062235E /* Release */,
			);
			defaultConfigurationIsVisible = 0;
			defaultConfigurationName = Release;
		};
/* End XCConfigurationList section */

/* Begin XCVersionGroup section */
		CF3871301E89B193005AA866 /* CDWord.xcdatamodeld */ = {
			isa = XCVersionGroup;
			children = (
				CF3871311E89B193005AA866 /* CDWord.xcdatamodel */,
			);
			currentVersion = CF3871311E89B193005AA866 /* CDWord.xcdatamodel */;
			path = CDWord.xcdatamodeld;
			sourceTree = "<group>";
			versionGroupType = wrapper.xcdatamodel;
		};
/* End XCVersionGroup section */
	};
	rootObject = CFAFE65C1E68F9CA0062235E /* Project object */;
}
