// !$*UTF8*$!
{
	archiveVersion = 1;
	classes = {
	};
	objectVersion = 46;
	objects = {

/* Begin PBXBuildFile section */
		04188B771971CC16A77558DA /* Pods_EasyLearn.framework in Frameworks */ = {isa = PBXBuildFile; fileRef = 976E28507EF0BE8A82DAFA65 /* Pods_EasyLearn.framework */; };
		CF16A9E31E9F2F18003EC2F7 /* csCustomFuctionsExtension.swift in Sources */ = {isa = PBXBuildFile; fileRef = CF16A9E21E9F2F18003EC2F7 /* csCustomFuctionsExtension.swift */; };
		CF16A9F01EA1BF75003EC2F7 /* CircleButton.swift in Sources */ = {isa = PBXBuildFile; fileRef = CF16A9EF1EA1BF75003EC2F7 /* CircleButton.swift */; };
		CF1C110D1E847C3100EC0181 /* WordSubDetailsVC.swift in Sources */ = {isa = PBXBuildFile; fileRef = CF1C110C1E847C3100EC0181 /* WordSubDetailsVC.swift */; };
		CF1C11101E84BDF400EC0181 /* wdCollectionViewExtension.swift in Sources */ = {isa = PBXBuildFile; fileRef = CF1C110F1E84BDF400EC0181 /* wdCollectionViewExtension.swift */; };
		CF1C11141E84C42400EC0181 /* wdSetupViewExtension.swift in Sources */ = {isa = PBXBuildFile; fileRef = CF1C11131E84C42400EC0181 /* wdSetupViewExtension.swift */; };
		CF3871251E8730C5005AA866 /* cvSetupViewExtension.swift in Sources */ = {isa = PBXBuildFile; fileRef = CF3871241E8730C5005AA866 /* cvSetupViewExtension.swift */; };
		CF3871271E8731D2005AA866 /* cvCollectionViewExtension.swift in Sources */ = {isa = PBXBuildFile; fileRef = CF3871261E8731D2005AA866 /* cvCollectionViewExtension.swift */; };
		CF38712A1E873CFA005AA866 /* Helper.swift in Sources */ = {isa = PBXBuildFile; fileRef = CF3871291E873CFA005AA866 /* Helper.swift */; };
		CF38712C1E88B4AB005AA866 /* cvGestureExtension.swift in Sources */ = {isa = PBXBuildFile; fileRef = CF38712B1E88B4AB005AA866 /* cvGestureExtension.swift */; };
		CF38712F1E89B0DE005AA866 /* CoreDataStack.swift in Sources */ = {isa = PBXBuildFile; fileRef = CF38712E1E89B0DE005AA866 /* CoreDataStack.swift */; };
		CF3871321E89B193005AA866 /* CDWord.xcdatamodeld in Sources */ = {isa = PBXBuildFile; fileRef = CF3871301E89B193005AA866 /* CDWord.xcdatamodeld */; };
		CF3871341E89BAEB005AA866 /* DataLayerSimple.swift in Sources */ = {isa = PBXBuildFile; fileRef = CF3871331E89BAEB005AA866 /* DataLayerSimple.swift */; };
		CF3FA89F1E71E46600AF392E /* Service.swift in Sources */ = {isa = PBXBuildFile; fileRef = CF3FA89E1E71E46600AF392E /* Service.swift */; };
		CF5108981E7B59D5008B2BC0 /* CardsViewController.swift in Sources */ = {isa = PBXBuildFile; fileRef = CF5108971E7B59D5008B2BC0 /* CardsViewController.swift */; };
		CF51089A1E7B5B8D008B2BC0 /* DashboardCell.swift in Sources */ = {isa = PBXBuildFile; fileRef = CF5108991E7B5B8D008B2BC0 /* DashboardCell.swift */; };
		CF51089D1E7C61AC008B2BC0 /* HomeView.swift in Sources */ = {isa = PBXBuildFile; fileRef = CF51089C1E7C61AC008B2BC0 /* HomeView.swift */; };
		CF51089F1E7C6C3A008B2BC0 /* hvDelegateExtension.swift in Sources */ = {isa = PBXBuildFile; fileRef = CF51089E1E7C6C3A008B2BC0 /* hvDelegateExtension.swift */; };
		CF5108A71E7C6DBD008B2BC0 /* hvSetupViewExtension.swift in Sources */ = {isa = PBXBuildFile; fileRef = CF5108A61E7C6DBD008B2BC0 /* hvSetupViewExtension.swift */; };
		CF5108A91E7C6FBD008B2BC0 /* LeftPaddedTextField.swift in Sources */ = {isa = PBXBuildFile; fileRef = CF5108A81E7C6FBD008B2BC0 /* LeftPaddedTextField.swift */; };
		CF5108AB1E7C7021008B2BC0 /* hvCollectionViewExtension.swift in Sources */ = {isa = PBXBuildFile; fileRef = CF5108AA1E7C7021008B2BC0 /* hvCollectionViewExtension.swift */; };
		CF5108AE1E7CABDE008B2BC0 /* CustomCardsViewController.swift in Sources */ = {isa = PBXBuildFile; fileRef = CF5108AD1E7CABDE008B2BC0 /* CustomCardsViewController.swift */; };
		CF5108B11E7CAC27008B2BC0 /* PlayViewController.swift in Sources */ = {isa = PBXBuildFile; fileRef = CF5108B01E7CAC27008B2BC0 /* PlayViewController.swift */; };
		CF5108B41E7CAC5F008B2BC0 /* SettingsViewController.swift in Sources */ = {isa = PBXBuildFile; fileRef = CF5108B31E7CAC5F008B2BC0 /* SettingsViewController.swift */; };
		CF5F988D1E7B41B500E84687 /* ErrorViewController.swift in Sources */ = {isa = PBXBuildFile; fileRef = CF5F988C1E7B41B500E84687 /* ErrorViewController.swift */; };
		CF6012D81E763C8D00EA0A3A /* WordDetailsVC.swift in Sources */ = {isa = PBXBuildFile; fileRef = CF6012D71E763C8D00EA0A3A /* WordDetailsVC.swift */; };
		CF6012DB1E773B8900EA0A3A /* BaseCell.swift in Sources */ = {isa = PBXBuildFile; fileRef = CF6012DA1E773B8900EA0A3A /* BaseCell.swift */; };
		CF6012DD1E789B8600EA0A3A /* DetailsCell.swift in Sources */ = {isa = PBXBuildFile; fileRef = CF6012DC1E789B8600EA0A3A /* DetailsCell.swift */; };
		CFAFE6681E68F9CA0062235E /* AppDelegate.swift in Sources */ = {isa = PBXBuildFile; fileRef = CFAFE6671E68F9CA0062235E /* AppDelegate.swift */; };
		CFAFE66A1E68F9CA0062235E /* HomeViewController.swift in Sources */ = {isa = PBXBuildFile; fileRef = CFAFE6691E68F9CA0062235E /* HomeViewController.swift */; };
		CFAFE66D1E68F9CA0062235E /* Main.storyboard in Resources */ = {isa = PBXBuildFile; fileRef = CFAFE66B1E68F9CA0062235E /* Main.storyboard */; };
		CFAFE66F1E68F9CA0062235E /* Assets.xcassets in Resources */ = {isa = PBXBuildFile; fileRef = CFAFE66E1E68F9CA0062235E /* Assets.xcassets */; };
		CFAFE6721E68F9CA0062235E /* LaunchScreen.storyboard in Resources */ = {isa = PBXBuildFile; fileRef = CFAFE6701E68F9CA0062235E /* LaunchScreen.storyboard */; };
		CFAFE67A1E6A87510062235E /* Models.swift in Sources */ = {isa = PBXBuildFile; fileRef = CFAFE6791E6A87510062235E /* Models.swift */; };
		CFAFE67C1E6B7A130062235E /* Extensions.swift in Sources */ = {isa = PBXBuildFile; fileRef = CFAFE67B1E6B7A130062235E /* Extensions.swift */; };
		CFAFE67E1E6E0F930062235E /* LexicalEntryViewController.swift in Sources */ = {isa = PBXBuildFile; fileRef = CFAFE67D1E6E0F930062235E /* LexicalEntryViewController.swift */; };
		CFC2949C1E8C31F100938475 /* FlashCardCell.swift in Sources */ = {isa = PBXBuildFile; fileRef = CFC2949B1E8C31F100938475 /* FlashCardCell.swift */; };
		CFF0750D1E988AE900F7794D /* CardSettingsController.swift in Sources */ = {isa = PBXBuildFile; fileRef = CFF0750C1E988AE900F7794D /* CardSettingsController.swift */; };
		CFF0750F1E98C97000F7794D /* LeftPaddedUILabel.swift in Sources */ = {isa = PBXBuildFile; fileRef = CFF0750E1E98C97000F7794D /* LeftPaddedUILabel.swift */; };
		CFF075121E9AF49800F7794D /* csTableViewExtension.swift in Sources */ = {isa = PBXBuildFile; fileRef = CFF075111E9AF49800F7794D /* csTableViewExtension.swift */; };
		CFF075141E9AF52700F7794D /* csSetupViewExtension.swift in Sources */ = {isa = PBXBuildFile; fileRef = CFF075131E9AF52700F7794D /* csSetupViewExtension.swift */; };
		CFF075171E9AF56800F7794D /* PlaySpeedController.swift in Sources */ = {isa = PBXBuildFile; fileRef = CFF075161E9AF56800F7794D /* PlaySpeedController.swift */; };
		CFF075191E9AF5A900F7794D /* BackgroundImageController.swift in Sources */ = {isa = PBXBuildFile; fileRef = CFF075181E9AF5A900F7794D /* BackgroundImageController.swift */; };
		CFF0751D1E9AF60B00F7794D /* biCollectionViewExtension.swift in Sources */ = {isa = PBXBuildFile; fileRef = CFF0751C1E9AF60B00F7794D /* biCollectionViewExtension.swift */; };
		CFF075211E9B36B500F7794D /* CardBgColorController.swift in Sources */ = {isa = PBXBuildFile; fileRef = CFF075201E9B36B500F7794D /* CardBgColorController.swift */; };
		CFF075241E9B5F3500F7794D /* DetailsViewModel.swift in Sources */ = {isa = PBXBuildFile; fileRef = CFF075231E9B5F3500F7794D /* DetailsViewModel.swift */; };
		CFFBB4081E8D87F0007DCD66 /* CardView.swift in Sources */ = {isa = PBXBuildFile; fileRef = CFFBB4071E8D87F0007DCD66 /* CardView.swift */; };
		CFFBB40B1E8DB11A007DCD66 /* VerticallyCenteredTextView.swift in Sources */ = {isa = PBXBuildFile; fileRef = CFFBB40A1E8DB11A007DCD66 /* VerticallyCenteredTextView.swift */; };
		CFFBB40D1E8DBE24007DCD66 /* cvCustomFuncs.swift in Sources */ = {isa = PBXBuildFile; fileRef = CFFBB40C1E8DBE24007DCD66 /* cvCustomFuncs.swift */; };
/* End PBXBuildFile section */

/* Begin PBXFileReference section */
		6EF7DBD2DA942ED54ADD413D /* Pods-EasyLearn.release.xcconfig */ = {isa = PBXFileReference; includeInIndex = 1; lastKnownFileType = text.xcconfig; name = "Pods-EasyLearn.release.xcconfig"; path = "Pods/Target Support Files/Pods-EasyLearn/Pods-EasyLearn.release.xcconfig"; sourceTree = "<group>"; };
		976E28507EF0BE8A82DAFA65 /* Pods_EasyLearn.framework */ = {isa = PBXFileReference; explicitFileType = wrapper.framework; includeInIndex = 0; path = Pods_EasyLearn.framework; sourceTree = BUILT_PRODUCTS_DIR; };
		B8B2FD38BDFDC2C50038BE00 /* Pods-EasyLearn.debug.xcconfig */ = {isa = PBXFileReference; includeInIndex = 1; lastKnownFileType = text.xcconfig; name = "Pods-EasyLearn.debug.xcconfig"; path = "Pods/Target Support Files/Pods-EasyLearn/Pods-EasyLearn.debug.xcconfig"; sourceTree = "<group>"; };
		CF16A9E21E9F2F18003EC2F7 /* csCustomFuctionsExtension.swift */ = {isa = PBXFileReference; fileEncoding = 4; lastKnownFileType = sourcecode.swift; path = csCustomFuctionsExtension.swift; sourceTree = "<group>"; };
		CF16A9EF1EA1BF75003EC2F7 /* CircleButton.swift */ = {isa = PBXFileReference; fileEncoding = 4; lastKnownFileType = sourcecode.swift; path = CircleButton.swift; sourceTree = "<group>"; };
		CF1C110C1E847C3100EC0181 /* WordSubDetailsVC.swift */ = {isa = PBXFileReference; fileEncoding = 4; lastKnownFileType = sourcecode.swift; path = WordSubDetailsVC.swift; sourceTree = "<group>"; };
		CF1C110F1E84BDF400EC0181 /* wdCollectionViewExtension.swift */ = {isa = PBXFileReference; fileEncoding = 4; lastKnownFileType = sourcecode.swift; path = wdCollectionViewExtension.swift; sourceTree = "<group>"; };
		CF1C11131E84C42400EC0181 /* wdSetupViewExtension.swift */ = {isa = PBXFileReference; fileEncoding = 4; lastKnownFileType = sourcecode.swift; path = wdSetupViewExtension.swift; sourceTree = "<group>"; };
		CF3871241E8730C5005AA866 /* cvSetupViewExtension.swift */ = {isa = PBXFileReference; fileEncoding = 4; lastKnownFileType = sourcecode.swift; path = cvSetupViewExtension.swift; sourceTree = "<group>"; };
		CF3871261E8731D2005AA866 /* cvCollectionViewExtension.swift */ = {isa = PBXFileReference; fileEncoding = 4; lastKnownFileType = sourcecode.swift; path = cvCollectionViewExtension.swift; sourceTree = "<group>"; };
		CF3871291E873CFA005AA866 /* Helper.swift */ = {isa = PBXFileReference; fileEncoding = 4; lastKnownFileType = sourcecode.swift; path = Helper.swift; sourceTree = "<group>"; };
		CF38712B1E88B4AB005AA866 /* cvGestureExtension.swift */ = {isa = PBXFileReference; fileEncoding = 4; lastKnownFileType = sourcecode.swift; path = cvGestureExtension.swift; sourceTree = "<group>"; };
		CF38712E1E89B0DE005AA866 /* CoreDataStack.swift */ = {isa = PBXFileReference; fileEncoding = 4; lastKnownFileType = sourcecode.swift; path = CoreDataStack.swift; sourceTree = "<group>"; };
		CF3871311E89B193005AA866 /* CDWord.xcdatamodel */ = {isa = PBXFileReference; lastKnownFileType = wrapper.xcdatamodel; path = CDWord.xcdatamodel; sourceTree = "<group>"; };
		CF3871331E89BAEB005AA866 /* DataLayerSimple.swift */ = {isa = PBXFileReference; fileEncoding = 4; lastKnownFileType = sourcecode.swift; path = DataLayerSimple.swift; sourceTree = "<group>"; };
		CF3FA89E1E71E46600AF392E /* Service.swift */ = {isa = PBXFileReference; fileEncoding = 4; lastKnownFileType = sourcecode.swift; path = Service.swift; sourceTree = "<group>"; };
		CF5108971E7B59D5008B2BC0 /* CardsViewController.swift */ = {isa = PBXFileReference; fileEncoding = 4; lastKnownFileType = sourcecode.swift; path = CardsViewController.swift; sourceTree = "<group>"; };
		CF5108991E7B5B8D008B2BC0 /* DashboardCell.swift */ = {isa = PBXFileReference; fileEncoding = 4; lastKnownFileType = sourcecode.swift; path = DashboardCell.swift; sourceTree = "<group>"; };
		CF51089C1E7C61AC008B2BC0 /* HomeView.swift */ = {isa = PBXFileReference; fileEncoding = 4; lastKnownFileType = sourcecode.swift; path = HomeView.swift; sourceTree = "<group>"; };
		CF51089E1E7C6C3A008B2BC0 /* hvDelegateExtension.swift */ = {isa = PBXFileReference; fileEncoding = 4; lastKnownFileType = sourcecode.swift; path = hvDelegateExtension.swift; sourceTree = "<group>"; };
		CF5108A61E7C6DBD008B2BC0 /* hvSetupViewExtension.swift */ = {isa = PBXFileReference; fileEncoding = 4; lastKnownFileType = sourcecode.swift; path = hvSetupViewExtension.swift; sourceTree = "<group>"; };
		CF5108A81E7C6FBD008B2BC0 /* LeftPaddedTextField.swift */ = {isa = PBXFileReference; fileEncoding = 4; lastKnownFileType = sourcecode.swift; path = LeftPaddedTextField.swift; sourceTree = "<group>"; };
		CF5108AA1E7C7021008B2BC0 /* hvCollectionViewExtension.swift */ = {isa = PBXFileReference; fileEncoding = 4; lastKnownFileType = sourcecode.swift; path = hvCollectionViewExtension.swift; sourceTree = "<group>"; };
		CF5108AD1E7CABDE008B2BC0 /* CustomCardsViewController.swift */ = {isa = PBXFileReference; fileEncoding = 4; lastKnownFileType = sourcecode.swift; path = CustomCardsViewController.swift; sourceTree = "<group>"; };
		CF5108B01E7CAC27008B2BC0 /* PlayViewController.swift */ = {isa = PBXFileReference; fileEncoding = 4; lastKnownFileType = sourcecode.swift; path = PlayViewController.swift; sourceTree = "<group>"; };
		CF5108B31E7CAC5F008B2BC0 /* SettingsViewController.swift */ = {isa = PBXFileReference; fileEncoding = 4; lastKnownFileType = sourcecode.swift; path = SettingsViewController.swift; sourceTree = "<group>"; };
		CF5F988C1E7B41B500E84687 /* ErrorViewController.swift */ = {isa = PBXFileReference; fileEncoding = 4; lastKnownFileType = sourcecode.swift; path = ErrorViewController.swift; sourceTree = "<group>"; };
		CF6012D71E763C8D00EA0A3A /* WordDetailsVC.swift */ = {isa = PBXFileReference; fileEncoding = 4; lastKnownFileType = sourcecode.swift; path = WordDetailsVC.swift; sourceTree = "<group>"; };
		CF6012DA1E773B8900EA0A3A /* BaseCell.swift */ = {isa = PBXFileReference; fileEncoding = 4; lastKnownFileType = sourcecode.swift; path = BaseCell.swift; sourceTree = "<group>"; };
		CF6012DC1E789B8600EA0A3A /* DetailsCell.swift */ = {isa = PBXFileReference; fileEncoding = 4; lastKnownFileType = sourcecode.swift; path = DetailsCell.swift; sourceTree = "<group>"; };
		CFAFE6641E68F9CA0062235E /* EasyLearn.app */ = {isa = PBXFileReference; explicitFileType = wrapper.application; includeInIndex = 0; path = EasyLearn.app; sourceTree = BUILT_PRODUCTS_DIR; };
		CFAFE6671E68F9CA0062235E /* AppDelegate.swift */ = {isa = PBXFileReference; lastKnownFileType = sourcecode.swift; path = AppDelegate.swift; sourceTree = "<group>"; };
		CFAFE6691E68F9CA0062235E /* HomeViewController.swift */ = {isa = PBXFileReference; lastKnownFileType = sourcecode.swift; path = HomeViewController.swift; sourceTree = "<group>"; };
		CFAFE66C1E68F9CA0062235E /* Base */ = {isa = PBXFileReference; lastKnownFileType = file.storyboard; name = Base; path = Base.lproj/Main.storyboard; sourceTree = "<group>"; };
		CFAFE66E1E68F9CA0062235E /* Assets.xcassets */ = {isa = PBXFileReference; lastKnownFileType = folder.assetcatalog; path = Assets.xcassets; sourceTree = "<group>"; };
		CFAFE6711E68F9CA0062235E /* Base */ = {isa = PBXFileReference; lastKnownFileType = file.storyboard; name = Base; path = Base.lproj/LaunchScreen.storyboard; sourceTree = "<group>"; };
		CFAFE6731E68F9CA0062235E /* Info.plist */ = {isa = PBXFileReference; lastKnownFileType = text.plist.xml; path = Info.plist; sourceTree = "<group>"; };
		CFAFE6791E6A87510062235E /* Models.swift */ = {isa = PBXFileReference; fileEncoding = 4; lastKnownFileType = sourcecode.swift; path = Models.swift; sourceTree = "<group>"; };
		CFAFE67B1E6B7A130062235E /* Extensions.swift */ = {isa = PBXFileReference; fileEncoding = 4; lastKnownFileType = sourcecode.swift; path = Extensions.swift; sourceTree = "<group>"; };
		CFAFE67D1E6E0F930062235E /* LexicalEntryViewController.swift */ = {isa = PBXFileReference; fileEncoding = 4; lastKnownFileType = sourcecode.swift; path = LexicalEntryViewController.swift; sourceTree = "<group>"; };
		CFC2949B1E8C31F100938475 /* FlashCardCell.swift */ = {isa = PBXFileReference; fileEncoding = 4; lastKnownFileType = sourcecode.swift; path = FlashCardCell.swift; sourceTree = "<group>"; };
		CFF0750C1E988AE900F7794D /* CardSettingsController.swift */ = {isa = PBXFileReference; fileEncoding = 4; lastKnownFileType = sourcecode.swift; path = CardSettingsController.swift; sourceTree = "<group>"; };
		CFF0750E1E98C97000F7794D /* LeftPaddedUILabel.swift */ = {isa = PBXFileReference; fileEncoding = 4; lastKnownFileType = sourcecode.swift; path = LeftPaddedUILabel.swift; sourceTree = "<group>"; };
		CFF075111E9AF49800F7794D /* csTableViewExtension.swift */ = {isa = PBXFileReference; fileEncoding = 4; lastKnownFileType = sourcecode.swift; path = csTableViewExtension.swift; sourceTree = "<group>"; };
		CFF075131E9AF52700F7794D /* csSetupViewExtension.swift */ = {isa = PBXFileReference; fileEncoding = 4; lastKnownFileType = sourcecode.swift; path = csSetupViewExtension.swift; sourceTree = "<group>"; };
		CFF075161E9AF56800F7794D /* PlaySpeedController.swift */ = {isa = PBXFileReference; fileEncoding = 4; lastKnownFileType = sourcecode.swift; path = PlaySpeedController.swift; sourceTree = "<group>"; };
		CFF075181E9AF5A900F7794D /* BackgroundImageController.swift */ = {isa = PBXFileReference; fileEncoding = 4; lastKnownFileType = sourcecode.swift; path = BackgroundImageController.swift; sourceTree = "<group>"; };
		CFF0751C1E9AF60B00F7794D /* biCollectionViewExtension.swift */ = {isa = PBXFileReference; fileEncoding = 4; lastKnownFileType = sourcecode.swift; path = biCollectionViewExtension.swift; sourceTree = "<group>"; };
		CFF075201E9B36B500F7794D /* CardBgColorController.swift */ = {isa = PBXFileReference; fileEncoding = 4; lastKnownFileType = sourcecode.swift; path = CardBgColorController.swift; sourceTree = "<group>"; };
		CFF075231E9B5F3500F7794D /* DetailsViewModel.swift */ = {isa = PBXFileReference; fileEncoding = 4; lastKnownFileType = sourcecode.swift; path = DetailsViewModel.swift; sourceTree = "<group>"; };
		CFFBB4071E8D87F0007DCD66 /* CardView.swift */ = {isa = PBXFileReference; fileEncoding = 4; lastKnownFileType = sourcecode.swift; path = CardView.swift; sourceTree = "<group>"; };
		CFFBB40A1E8DB11A007DCD66 /* VerticallyCenteredTextView.swift */ = {isa = PBXFileReference; fileEncoding = 4; lastKnownFileType = sourcecode.swift; path = VerticallyCenteredTextView.swift; sourceTree = "<group>"; };
		CFFBB40C1E8DBE24007DCD66 /* cvCustomFuncs.swift */ = {isa = PBXFileReference; fileEncoding = 4; lastKnownFileType = sourcecode.swift; path = cvCustomFuncs.swift; sourceTree = "<group>"; };
/* End PBXFileReference section */

/* Begin PBXFrameworksBuildPhase section */
		CFAFE6611E68F9CA0062235E /* Frameworks */ = {
			isa = PBXFrameworksBuildPhase;
			buildActionMask = 2147483647;
			files = (
				04188B771971CC16A77558DA /* Pods_EasyLearn.framework in Frameworks */,
			);
			runOnlyForDeploymentPostprocessing = 0;
		};
/* End PBXFrameworksBuildPhase section */

/* Begin PBXGroup section */
		504FA3A28C71575CD30D7588 /* Pods */ = {
			isa = PBXGroup;
			children = (
				B8B2FD38BDFDC2C50038BE00 /* Pods-EasyLearn.debug.xcconfig */,
				6EF7DBD2DA942ED54ADD413D /* Pods-EasyLearn.release.xcconfig */,
			);
			name = Pods;
			sourceTree = "<group>";
		};
		CF1C110E1E84BD8700EC0181 /* Extensions */ = {
			isa = PBXGroup;
			children = (
				CF1C11131E84C42400EC0181 /* wdSetupViewExtension.swift */,
				CF1C110F1E84BDF400EC0181 /* wdCollectionViewExtension.swift */,
			);
			name = Extensions;
			sourceTree = "<group>";
		};
		CF3871231E87309A005AA866 /* Extensions */ = {
			isa = PBXGroup;
			children = (
				CF3871241E8730C5005AA866 /* cvSetupViewExtension.swift */,
				CF3871261E8731D2005AA866 /* cvCollectionViewExtension.swift */,
				CF38712B1E88B4AB005AA866 /* cvGestureExtension.swift */,
				CFFBB40C1E8DBE24007DCD66 /* cvCustomFuncs.swift */,
			);
			name = Extensions;
			sourceTree = "<group>";
		};
		CF3871281E873CEB005AA866 /* Helper */ = {
			isa = PBXGroup;
			children = (
				CF3871291E873CFA005AA866 /* Helper.swift */,
			);
			name = Helper;
			sourceTree = "<group>";
		};
		CF38712D1E89B086005AA866 /* Core Data */ = {
			isa = PBXGroup;
			children = (
				CF38712E1E89B0DE005AA866 /* CoreDataStack.swift */,
				CF3871331E89BAEB005AA866 /* DataLayerSimple.swift */,
				CF3871301E89B193005AA866 /* CDWord.xcdatamodeld */,
			);
			name = "Core Data";
			sourceTree = "<group>";
		};
		CF51089B1E7C6198008B2BC0 /* Views */ = {
			isa = PBXGroup;
			children = (
				CF6012D91E773B7100EA0A3A /* Cells */,
				CF51089C1E7C61AC008B2BC0 /* HomeView.swift */,
				CFFBB4071E8D87F0007DCD66 /* CardView.swift */,
			);
			name = Views;
			sourceTree = "<group>";
		};
		CF5108A01E7C6CFB008B2BC0 /* HomeView */ = {
			isa = PBXGroup;
			children = (
				CF5108A51E7C6D69008B2BC0 /* Extensions */,
				CFAFE6691E68F9CA0062235E /* HomeViewController.swift */,
			);
			name = HomeView;
			sourceTree = "<group>";
		};
		CF5108A11E7C6D11008B2BC0 /* LexicalEntry */ = {
			isa = PBXGroup;
			children = (
				CFAFE67D1E6E0F930062235E /* LexicalEntryViewController.swift */,
			);
			name = LexicalEntry;
			sourceTree = "<group>";
		};
		CF5108A21E7C6D29008B2BC0 /* WordDetails */ = {
			isa = PBXGroup;
			children = (
				CF1C110E1E84BD8700EC0181 /* Extensions */,
				CF6012D71E763C8D00EA0A3A /* WordDetailsVC.swift */,
				CF1C110C1E847C3100EC0181 /* WordSubDetailsVC.swift */,
			);
			name = WordDetails;
			sourceTree = "<group>";
		};
		CF5108A31E7C6D38008B2BC0 /* ErrorView */ = {
			isa = PBXGroup;
			children = (
				CF5F988C1E7B41B500E84687 /* ErrorViewController.swift */,
			);
			name = ErrorView;
			sourceTree = "<group>";
		};
		CF5108A41E7C6D44008B2BC0 /* CardsView */ = {
			isa = PBXGroup;
			children = (
				CF3871231E87309A005AA866 /* Extensions */,
				CF5108971E7B59D5008B2BC0 /* CardsViewController.swift */,
			);
			name = CardsView;
			sourceTree = "<group>";
		};
		CF5108A51E7C6D69008B2BC0 /* Extensions */ = {
			isa = PBXGroup;
			children = (
				CF51089E1E7C6C3A008B2BC0 /* hvDelegateExtension.swift */,
				CF5108A61E7C6DBD008B2BC0 /* hvSetupViewExtension.swift */,
				CF5108AA1E7C7021008B2BC0 /* hvCollectionViewExtension.swift */,
			);
			name = Extensions;
			sourceTree = "<group>";
		};
		CF5108AC1E7CABC1008B2BC0 /* CustomCards */ = {
			isa = PBXGroup;
			children = (
				CF5108AD1E7CABDE008B2BC0 /* CustomCardsViewController.swift */,
			);
			name = CustomCards;
			sourceTree = "<group>";
		};
		CF5108AF1E7CAC0E008B2BC0 /* Play */ = {
			isa = PBXGroup;
			children = (
				CF5108B01E7CAC27008B2BC0 /* PlayViewController.swift */,
			);
			name = Play;
			sourceTree = "<group>";
		};
		CF5108B21E7CAC4B008B2BC0 /* Settings */ = {
			isa = PBXGroup;
			children = (
				CF5108B31E7CAC5F008B2BC0 /* SettingsViewController.swift */,
			);
			name = Settings;
			sourceTree = "<group>";
		};
		CF6012D91E773B7100EA0A3A /* Cells */ = {
			isa = PBXGroup;
			children = (
				CF6012DA1E773B8900EA0A3A /* BaseCell.swift */,
				CF6012DC1E789B8600EA0A3A /* DetailsCell.swift */,
				CF5108991E7B5B8D008B2BC0 /* DashboardCell.swift */,
				CFC2949B1E8C31F100938475 /* FlashCardCell.swift */,
			);
			name = Cells;
			sourceTree = "<group>";
		};
		CF6012DE1E789BA100EA0A3A /* Controllers */ = {
			isa = PBXGroup;
			children = (
				CF5108B21E7CAC4B008B2BC0 /* Settings */,
				CF5108AF1E7CAC0E008B2BC0 /* Play */,
				CF5108AC1E7CABC1008B2BC0 /* CustomCards */,
				CFC779F41E95DB7E00F8FA25 /* CardSettings */,
				CF5108A41E7C6D44008B2BC0 /* CardsView */,
				CF5108A31E7C6D38008B2BC0 /* ErrorView */,
				CF5108A21E7C6D29008B2BC0 /* WordDetails */,
				CF5108A11E7C6D11008B2BC0 /* LexicalEntry */,
				CF5108A01E7C6CFB008B2BC0 /* HomeView */,
			);
			name = Controllers;
			sourceTree = "<group>";
		};
		CF6012DF1E789BBE00EA0A3A /* Networking */ = {
			isa = PBXGroup;
			children = (
				CF3FA89E1E71E46600AF392E /* Service.swift */,
			);
			name = Networking;
			sourceTree = "<group>";
		};
		CF6012E01E789BCB00EA0A3A /* Supporting */ = {
			isa = PBXGroup;
			children = (
				CFAFE66B1E68F9CA0062235E /* Main.storyboard */,
				CFAFE6671E68F9CA0062235E /* AppDelegate.swift */,
				CFAFE66E1E68F9CA0062235E /* Assets.xcassets */,
				CFAFE6701E68F9CA0062235E /* LaunchScreen.storyboard */,
				CFAFE6731E68F9CA0062235E /* Info.plist */,
			);
			name = Supporting;
			sourceTree = "<group>";
		};
		CF6012E11E789BE600EA0A3A /* Extensions */ = {
			isa = PBXGroup;
			children = (
				CFAFE67B1E6B7A130062235E /* Extensions.swift */,
			);
			name = Extensions;
			sourceTree = "<group>";
		};
		CF6012E21E789BF200EA0A3A /* Models */ = {
			isa = PBXGroup;
			children = (
				CFAFE6791E6A87510062235E /* Models.swift */,
			);
			name = Models;
			sourceTree = "<group>";
		};
		CFAFE65B1E68F9CA0062235E = {
			isa = PBXGroup;
			children = (
				CFAFE6661E68F9CA0062235E /* EasyLearn */,
				CFAFE6651E68F9CA0062235E /* Products */,
				504FA3A28C71575CD30D7588 /* Pods */,
				E8481354995460FEEEB869B9 /* Frameworks */,
			);
			sourceTree = "<group>";
		};
		CFAFE6651E68F9CA0062235E /* Products */ = {
			isa = PBXGroup;
			children = (
				CFAFE6641E68F9CA0062235E /* EasyLearn.app */,
			);
			name = Products;
			sourceTree = "<group>";
		};
		CFAFE6661E68F9CA0062235E /* EasyLearn */ = {
			isa = PBXGroup;
			children = (
				CFFBB4091E8DB0FB007DCD66 /* Subclasses */,
				CF38712D1E89B086005AA866 /* Core Data */,
				CF3871281E873CEB005AA866 /* Helper */,
				CF51089B1E7C6198008B2BC0 /* Views */,
				CFF075221E9B5EEC00F7794D /* ViewModels */,
				CF6012DE1E789BA100EA0A3A /* Controllers */,
				CF6012E21E789BF200EA0A3A /* Models */,
				CF6012E11E789BE600EA0A3A /* Extensions */,
				CF6012E01E789BCB00EA0A3A /* Supporting */,
				CF6012DF1E789BBE00EA0A3A /* Networking */,
			);
			path = EasyLearn;
			sourceTree = "<group>";
		};
		CFC779F41E95DB7E00F8FA25 /* CardSettings */ = {
			isa = PBXGroup;
			children = (
				CFF075151E9AF55000F7794D /* SubControllers */,
				CFF075101E9AF47200F7794D /* Extensions */,
				CFF0750C1E988AE900F7794D /* CardSettingsController.swift */,
			);
			name = CardSettings;
			sourceTree = "<group>";
		};
		CFF075101E9AF47200F7794D /* Extensions */ = {
			isa = PBXGroup;
			children = (
				CFF075111E9AF49800F7794D /* csTableViewExtension.swift */,
				CFF075131E9AF52700F7794D /* csSetupViewExtension.swift */,
				CF16A9E21E9F2F18003EC2F7 /* csCustomFuctionsExtension.swift */,
			);
			name = Extensions;
			sourceTree = "<group>";
		};
		CFF075151E9AF55000F7794D /* SubControllers */ = {
			isa = PBXGroup;
			children = (
				CFF0751F1E9B365000F7794D /* Colors */,
				CFF0751B1E9AF5E500F7794D /* BackgroundImage */,
				CFF0751A1E9AF5D900F7794D /* PlaySpeed */,
			);
			name = SubControllers;
			sourceTree = "<group>";
		};
		CFF0751A1E9AF5D900F7794D /* PlaySpeed */ = {
			isa = PBXGroup;
			children = (
				CFF075161E9AF56800F7794D /* PlaySpeedController.swift */,
			);
			name = PlaySpeed;
			sourceTree = "<group>";
		};
		CFF0751B1E9AF5E500F7794D /* BackgroundImage */ = {
			isa = PBXGroup;
			children = (
				CFF0751E1E9AF68100F7794D /* Extensions */,
				CFF075181E9AF5A900F7794D /* BackgroundImageController.swift */,
			);
			name = BackgroundImage;
			sourceTree = "<group>";
		};
		CFF0751E1E9AF68100F7794D /* Extensions */ = {
			isa = PBXGroup;
			children = (
				CFF0751C1E9AF60B00F7794D /* biCollectionViewExtension.swift */,
			);
			name = Extensions;
			sourceTree = "<group>";
		};
		CFF0751F1E9B365000F7794D /* Colors */ = {
			isa = PBXGroup;
			children = (
				CFF075201E9B36B500F7794D /* CardBgColorController.swift */,
			);
			name = Colors;
			sourceTree = "<group>";
		};
		CFF075221E9B5EEC00F7794D /* ViewModels */ = {
			isa = PBXGroup;
			children = (
				CFF075231E9B5F3500F7794D /* DetailsViewModel.swift */,
			);
			name = ViewModels;
			sourceTree = "<group>";
		};
		CFFBB4091E8DB0FB007DCD66 /* Subclasses */ = {
			isa = PBXGroup;
			children = (
				CF16A9EF1EA1BF75003EC2F7 /* CircleButton.swift */,
				CF5108A81E7C6FBD008B2BC0 /* LeftPaddedTextField.swift */,
				CFFBB40A1E8DB11A007DCD66 /* VerticallyCenteredTextView.swift */,
				CFF0750E1E98C97000F7794D /* LeftPaddedUILabel.swift */,
			);
			name = Subclasses;
			sourceTree = "<group>";
		};
		E8481354995460FEEEB869B9 /* Frameworks */ = {
			isa = PBXGroup;
			children = (
				976E28507EF0BE8A82DAFA65 /* Pods_EasyLearn.framework */,
			);
			name = Frameworks;
			sourceTree = "<group>";
		};
/* End PBXGroup section */

/* Begin PBXNativeTarget section */
		CFAFE6631E68F9CA0062235E /* EasyLearn */ = {
			isa = PBXNativeTarget;
			buildConfigurationList = CFAFE6761E68F9CA0062235E /* Build configuration list for PBXNativeTarget "EasyLearn" */;
			buildPhases = (
				7AD54B3D203C8CC7F5F60CB8 /* [CP] Check Pods Manifest.lock */,
				CFAFE6601E68F9CA0062235E /* Sources */,
				CFAFE6611E68F9CA0062235E /* Frameworks */,
				CFAFE6621E68F9CA0062235E /* Resources */,
				F8E761075D78BDA7BEDDAF31 /* [CP] Embed Pods Frameworks */,
				4A70E9E280BA269A6ADAC503 /* [CP] Copy Pods Resources */,
			);
			buildRules = (
			);
			dependencies = (
			);
			name = EasyLearn;
			productName = EasyLearn;
			productReference = CFAFE6641E68F9CA0062235E /* EasyLearn.app */;
			productType = "com.apple.product-type.application";
		};
/* End PBXNativeTarget section */

/* Begin PBXProject section */
		CFAFE65C1E68F9CA0062235E /* Project object */ = {
			isa = PBXProject;
			attributes = {
				LastSwiftUpdateCheck = 0820;
				LastUpgradeCheck = 0820;
				ORGANIZATIONNAME = Tebin;
				TargetAttributes = {
					CFAFE6631E68F9CA0062235E = {
						CreatedOnToolsVersion = 8.2.1;
						DevelopmentTeam = 2X4GM5K9GM;
						ProvisioningStyle = Automatic;
					};
				};
			};
			buildConfigurationList = CFAFE65F1E68F9CA0062235E /* Build configuration list for PBXProject "EasyLearn" */;
			compatibilityVersion = "Xcode 3.2";
			developmentRegion = English;
			hasScannedForEncodings = 0;
			knownRegions = (
				en,
				Base,
			);
			mainGroup = CFAFE65B1E68F9CA0062235E;
			productRefGroup = CFAFE6651E68F9CA0062235E /* Products */;
			projectDirPath = "";
			projectRoot = "";
			targets = (
				CFAFE6631E68F9CA0062235E /* EasyLearn */,
			);
		};
/* End PBXProject section */

/* Begin PBXResourcesBuildPhase section */
		CFAFE6621E68F9CA0062235E /* Resources */ = {
			isa = PBXResourcesBuildPhase;
			buildActionMask = 2147483647;
			files = (
				CFAFE6721E68F9CA0062235E /* LaunchScreen.storyboard in Resources */,
				CFAFE66F1E68F9CA0062235E /* Assets.xcassets in Resources */,
				CFAFE66D1E68F9CA0062235E /* Main.storyboard in Resources */,
			);
			runOnlyForDeploymentPostprocessing = 0;
		};
/* End PBXResourcesBuildPhase section */

/* Begin PBXShellScriptBuildPhase section */
		4A70E9E280BA269A6ADAC503 /* [CP] Copy Pods Resources */ = {
			isa = PBXShellScriptBuildPhase;
			buildActionMask = 2147483647;
			files = (
			);
			inputPaths = (
			);
			name = "[CP] Copy Pods Resources";
			outputPaths = (
			);
			runOnlyForDeploymentPostprocessing = 0;
			shellPath = /bin/sh;
			shellScript = "\"${SRCROOT}/Pods/Target Support Files/Pods-EasyLearn/Pods-EasyLearn-resources.sh\"\n";
			showEnvVarsInLog = 0;
		};
		7AD54B3D203C8CC7F5F60CB8 /* [CP] Check Pods Manifest.lock */ = {
			isa = PBXShellScriptBuildPhase;
			buildActionMask = 2147483647;
			files = (
			);
			inputPaths = (
			);
			name = "[CP] Check Pods Manifest.lock";
			outputPaths = (
			);
			runOnlyForDeploymentPostprocessing = 0;
			shellPath = /bin/sh;
			shellScript = "diff \"${PODS_ROOT}/../Podfile.lock\" \"${PODS_ROOT}/Manifest.lock\" > /dev/null\nif [ $? != 0 ] ; then\n    # print error to STDERR\n    echo \"error: The sandbox is not in sync with the Podfile.lock. Run 'pod install' or update your CocoaPods installation.\" >&2\n    exit 1\nfi\n";
			showEnvVarsInLog = 0;
		};
		F8E761075D78BDA7BEDDAF31 /* [CP] Embed Pods Frameworks */ = {
			isa = PBXShellScriptBuildPhase;
			buildActionMask = 2147483647;
			files = (
			);
			inputPaths = (
			);
			name = "[CP] Embed Pods Frameworks";
			outputPaths = (
			);
			runOnlyForDeploymentPostprocessing = 0;
			shellPath = /bin/sh;
			shellScript = "\"${SRCROOT}/Pods/Target Support Files/Pods-EasyLearn/Pods-EasyLearn-frameworks.sh\"\n";
			showEnvVarsInLog = 0;
		};
/* End PBXShellScriptBuildPhase section */

/* Begin PBXSourcesBuildPhase section */
		CFAFE6601E68F9CA0062235E /* Sources */ = {
			isa = PBXSourcesBuildPhase;
			buildActionMask = 2147483647;
			files = (
				CFFBB40B1E8DB11A007DCD66 /* VerticallyCenteredTextView.swift in Sources */,
				CF5108A71E7C6DBD008B2BC0 /* hvSetupViewExtension.swift in Sources */,
				CF5108AE1E7CABDE008B2BC0 /* CustomCardsViewController.swift in Sources */,
				CF6012DD1E789B8600EA0A3A /* DetailsCell.swift in Sources */,
				CFF075211E9B36B500F7794D /* CardBgColorController.swift in Sources */,
				CF5108B41E7CAC5F008B2BC0 /* SettingsViewController.swift in Sources */,
				CFF0750D1E988AE900F7794D /* CardSettingsController.swift in Sources */,
				CFAFE67E1E6E0F930062235E /* LexicalEntryViewController.swift in Sources */,
				CF51089D1E7C61AC008B2BC0 /* HomeView.swift in Sources */,
				CF5108AB1E7C7021008B2BC0 /* hvCollectionViewExtension.swift in Sources */,
				CF38712F1E89B0DE005AA866 /* CoreDataStack.swift in Sources */,
				CF38712C1E88B4AB005AA866 /* cvGestureExtension.swift in Sources */,
				CF3871251E8730C5005AA866 /* cvSetupViewExtension.swift in Sources */,
				CF6012D81E763C8D00EA0A3A /* WordDetailsVC.swift in Sources */,
				CFF075241E9B5F3500F7794D /* DetailsViewModel.swift in Sources */,
				CFAFE67A1E6A87510062235E /* Models.swift in Sources */,
				CFF075121E9AF49800F7794D /* csTableViewExtension.swift in Sources */,
				CF5108B11E7CAC27008B2BC0 /* PlayViewController.swift in Sources */,
				CFF075171E9AF56800F7794D /* PlaySpeedController.swift in Sources */,
				CFF075191E9AF5A900F7794D /* BackgroundImageController.swift in Sources */,
				CFAFE66A1E68F9CA0062235E /* HomeViewController.swift in Sources */,
				CF1C11101E84BDF400EC0181 /* wdCollectionViewExtension.swift in Sources */,
				CF3871341E89BAEB005AA866 /* DataLayerSimple.swift in Sources */,
				CF1C11141E84C42400EC0181 /* wdSetupViewExtension.swift in Sources */,
				CF6012DB1E773B8900EA0A3A /* BaseCell.swift in Sources */,
				CF16A9E31E9F2F18003EC2F7 /* csCustomFuctionsExtension.swift in Sources */,
				CF3871271E8731D2005AA866 /* cvCollectionViewExtension.swift in Sources */,
				CFAFE6681E68F9CA0062235E /* AppDelegate.swift in Sources */,
				CF5108981E7B59D5008B2BC0 /* CardsViewController.swift in Sources */,
				CF5108A91E7C6FBD008B2BC0 /* LeftPaddedTextField.swift in Sources */,
				CF16A9F01EA1BF75003EC2F7 /* CircleButton.swift in Sources */,
				CF1C110D1E847C3100EC0181 /* WordSubDetailsVC.swift in Sources */,
				CFF0750F1E98C97000F7794D /* LeftPaddedUILabel.swift in Sources */,
				CF5F988D1E7B41B500E84687 /* ErrorViewController.swift in Sources */,
				CFFBB40D1E8DBE24007DCD66 /* cvCustomFuncs.swift in Sources */,
				CFC2949C1E8C31F100938475 /* FlashCardCell.swift in Sources */,
				CFAFE67C1E6B7A130062235E /* Extensions.swift in Sources */,
				CFF0751D1E9AF60B00F7794D /* biCollectionViewExtension.swift in Sources */,
				CF51089A1E7B5B8D008B2BC0 /* DashboardCell.swift in Sources */,
				CFF075141E9AF52700F7794D /* csSetupViewExtension.swift in Sources */,
				CF38712A1E873CFA005AA866 /* Helper.swift in Sources */,
				CF3FA89F1E71E46600AF392E /* Service.swift in Sources */,
				CF51089F1E7C6C3A008B2BC0 /* hvDelegateExtension.swift in Sources */,
				CFFBB4081E8D87F0007DCD66 /* CardView.swift in Sources */,
				CF3871321E89B193005AA866 /* CDWord.xcdatamodeld in Sources */,
			);
			runOnlyForDeploymentPostprocessing = 0;
		};
/* End PBXSourcesBuildPhase section */

/* Begin PBXVariantGroup section */
		CFAFE66B1E68F9CA0062235E /* Main.storyboard */ = {
			isa = PBXVariantGroup;
			children = (
				CFAFE66C1E68F9CA0062235E /* Base */,
			);
			name = Main.storyboard;
			sourceTree = "<group>";
		};
		CFAFE6701E68F9CA0062235E /* LaunchScreen.storyboard */ = {
			isa = PBXVariantGroup;
			children = (
				CFAFE6711E68F9CA0062235E /* Base */,
			);
			name = LaunchScreen.storyboard;
			sourceTree = "<group>";
		};
/* End PBXVariantGroup section */

/* Begin XCBuildConfiguration section */
		CFAFE6741E68F9CA0062235E /* Debug */ = {
			isa = XCBuildConfiguration;
			buildSettings = {
				ALWAYS_SEARCH_USER_PATHS = NO;
				CLANG_ANALYZER_NONNULL = YES;
				CLANG_CXX_LANGUAGE_STANDARD = "gnu++0x";
				CLANG_CXX_LIBRARY = "libc++";
				CLANG_ENABLE_MODULES = YES;
				CLANG_ENABLE_OBJC_ARC = YES;
				CLANG_WARN_BOOL_CONVERSION = YES;
				CLANG_WARN_CONSTANT_CONVERSION = YES;
				CLANG_WARN_DIRECT_OBJC_ISA_USAGE = YES_ERROR;
				CLANG_WARN_DOCUMENTATION_COMMENTS = YES;
				CLANG_WARN_EMPTY_BODY = YES;
				CLANG_WARN_ENUM_CONVERSION = YES;
				CLANG_WARN_INFINITE_RECURSION = YES;
				CLANG_WARN_INT_CONVERSION = YES;
				CLANG_WARN_OBJC_ROOT_CLASS = YES_ERROR;
				CLANG_WARN_SUSPICIOUS_MOVE = YES;
				CLANG_WARN_UNREACHABLE_CODE = YES;
				CLANG_WARN__DUPLICATE_METHOD_MATCH = YES;
				"CODE_SIGN_IDENTITY[sdk=iphoneos*]" = "iPhone Developer";
				COPY_PHASE_STRIP = NO;
				DEBUG_INFORMATION_FORMAT = dwarf;
				ENABLE_STRICT_OBJC_MSGSEND = YES;
				ENABLE_TESTABILITY = YES;
				GCC_C_LANGUAGE_STANDARD = gnu99;
				GCC_DYNAMIC_NO_PIC = NO;
				GCC_NO_COMMON_BLOCKS = YES;
				GCC_OPTIMIZATION_LEVEL = 0;
				GCC_PREPROCESSOR_DEFINITIONS = (
					"DEBUG=1",
					"$(inherited)",
				);
				GCC_WARN_64_TO_32_BIT_CONVERSION = YES;
				GCC_WARN_ABOUT_RETURN_TYPE = YES_ERROR;
				GCC_WARN_UNDECLARED_SELECTOR = YES;
				GCC_WARN_UNINITIALIZED_AUTOS = YES_AGGRESSIVE;
				GCC_WARN_UNUSED_FUNCTION = YES;
				GCC_WARN_UNUSED_VARIABLE = YES;
				IPHONEOS_DEPLOYMENT_TARGET = 10.2;
				MTL_ENABLE_DEBUG_INFO = YES;
				ONLY_ACTIVE_ARCH = YES;
				SDKROOT = iphoneos;
				SWIFT_ACTIVE_COMPILATION_CONDITIONS = DEBUG;
				SWIFT_OPTIMIZATION_LEVEL = "-Onone";
				TARGETED_DEVICE_FAMILY = "1,2";
			};
			name = Debug;
		};
		CFAFE6751E68F9CA0062235E /* Release */ = {
			isa = XCBuildConfiguration;
			buildSettings = {
				ALWAYS_SEARCH_USER_PATHS = NO;
				CLANG_ANALYZER_NONNULL = YES;
				CLANG_CXX_LANGUAGE_STANDARD = "gnu++0x";
				CLANG_CXX_LIBRARY = "libc++";
				CLANG_ENABLE_MODULES = YES;
				CLANG_ENABLE_OBJC_ARC = YES;
				CLANG_WARN_BOOL_CONVERSION = YES;
				CLANG_WARN_CONSTANT_CONVERSION = YES;
				CLANG_WARN_DIRECT_OBJC_ISA_USAGE = YES_ERROR;
				CLANG_WARN_DOCUMENTATION_COMMENTS = YES;
				CLANG_WARN_EMPTY_BODY = YES;
				CLANG_WARN_ENUM_CONVERSION = YES;
				CLANG_WARN_INFINITE_RECURSION = YES;
				CLANG_WARN_INT_CONVERSION = YES;
				CLANG_WARN_OBJC_ROOT_CLASS = YES_ERROR;
				CLANG_WARN_SUSPICIOUS_MOVE = YES;
				CLANG_WARN_UNREACHABLE_CODE = YES;
				CLANG_WARN__DUPLICATE_METHOD_MATCH = YES;
				"CODE_SIGN_IDENTITY[sdk=iphoneos*]" = "iPhone Developer";
				COPY_PHASE_STRIP = NO;
				DEBUG_INFORMATION_FORMAT = "dwarf-with-dsym";
				ENABLE_NS_ASSERTIONS = NO;
				ENABLE_STRICT_OBJC_MSGSEND = YES;
				GCC_C_LANGUAGE_STANDARD = gnu99;
				GCC_NO_COMMON_BLOCKS = YES;
				GCC_WARN_64_TO_32_BIT_CONVERSION = YES;
				GCC_WARN_ABOUT_RETURN_TYPE = YES_ERROR;
				GCC_WARN_UNDECLARED_SELECTOR = YES;
				GCC_WARN_UNINITIALIZED_AUTOS = YES_AGGRESSIVE;
				GCC_WARN_UNUSED_FUNCTION = YES;
				GCC_WARN_UNUSED_VARIABLE = YES;
				IPHONEOS_DEPLOYMENT_TARGET = 10.2;
				MTL_ENABLE_DEBUG_INFO = NO;
				SDKROOT = iphoneos;
				SWIFT_OPTIMIZATION_LEVEL = "-Owholemodule";
				TARGETED_DEVICE_FAMILY = "1,2";
				VALIDATE_PRODUCT = YES;
			};
			name = Release;
		};
		CFAFE6771E68F9CA0062235E /* Debug */ = {
			isa = XCBuildConfiguration;
			baseConfigurationReference = B8B2FD38BDFDC2C50038BE00 /* Pods-EasyLearn.debug.xcconfig */;
			buildSettings = {
				ASSETCATALOG_COMPILER_APPICON_NAME = AppIcon;
				DEVELOPMENT_TEAM = 2X4GM5K9GM;
				INFOPLIST_FILE = EasyLearn/Info.plist;
				LD_RUNPATH_SEARCH_PATHS = "$(inherited) @executable_path/Frameworks";
				PRODUCT_BUNDLE_IDENTIFIER = com.tebeen.EasyLearn;
				PRODUCT_NAME = "$(TARGET_NAME)";
				SWIFT_VERSION = 3.0;
			};
			name = Debug;
		};
		CFAFE6781E68F9CA0062235E /* Release */ = {
			isa = XCBuildConfiguration;
			baseConfigurationReference = 6EF7DBD2DA942ED54ADD413D /* Pods-EasyLearn.release.xcconfig */;
			buildSettings = {
				ASSETCATALOG_COMPILER_APPICON_NAME = AppIcon;
				DEVELOPMENT_TEAM = 2X4GM5K9GM;
				INFOPLIST_FILE = EasyLearn/Info.plist;
				LD_RUNPATH_SEARCH_PATHS = "$(inherited) @executable_path/Frameworks";
				PRODUCT_BUNDLE_IDENTIFIER = com.tebeen.EasyLearn;
				PRODUCT_NAME = "$(TARGET_NAME)";
				SWIFT_VERSION = 3.0;
			};
			name = Release;
		};
/* End XCBuildConfiguration section */

/* Begin XCConfigurationList section */
		CFAFE65F1E68F9CA0062235E /* Build configuration list for PBXProject "EasyLearn" */ = {
			isa = XCConfigurationList;
			buildConfigurations = (
				CFAFE6741E68F9CA0062235E /* Debug */,
				CFAFE6751E68F9CA0062235E /* Release */,
			);
			defaultConfigurationIsVisible = 0;
			defaultConfigurationName = Release;
		};
		CFAFE6761E68F9CA0062235E /* Build configuration list for PBXNativeTarget "EasyLearn" */ = {
			isa = XCConfigurationList;
			buildConfigurations = (
				CFAFE6771E68F9CA0062235E /* Debug */,
				CFAFE6781E68F9CA0062235E /* Release */,
			);
			defaultConfigurationIsVisible = 0;
			defaultConfigurationName = Release;
		};
/* End XCConfigurationList section */

/* Begin XCVersionGroup section */
		CF3871301E89B193005AA866 /* CDWord.xcdatamodeld */ = {
			isa = XCVersionGroup;
			children = (
				CF3871311E89B193005AA866 /* CDWord.xcdatamodel */,
			);
			currentVersion = CF3871311E89B193005AA866 /* CDWord.xcdatamodel */;
			path = CDWord.xcdatamodeld;
			sourceTree = "<group>";
			versionGroupType = wrapper.xcdatamodel;
		};
/* End XCVersionGroup section */
	};
	rootObject = CFAFE65C1E68F9CA0062235E /* Project object */;
}
